PODS:
  - RLP-ObjC (1.0.7)
  - secp256k1_ios (0.1.3)
  - SwiftProtobuf (1.17.0)
  - TrustWalletCore (2.6.12):
    - TrustWalletCore/Core (= 2.6.12)
  - TrustWalletCore/Core (2.6.12):
    - TrustWalletCore/Types
  - TrustWalletCore/Types (2.6.12):
    - SwiftProtobuf

DEPENDENCIES:
  - RLP-ObjC
  - secp256k1_ios
  - TrustWalletCore

SPEC REPOS:
  trunk:
    - RLP-ObjC
    - secp256k1_ios
    - SwiftProtobuf
    - TrustWalletCore

SPEC CHECKSUMS:
  RLP-ObjC: d5b16b677587310d6439a57ba2b46c67b3adc7f9
  secp256k1_ios: ac9ef04e761f43c58012b28548afa91493761f17
  SwiftProtobuf: 9c85136c6ba74b0a1b84279dbf0f6db8efb714e0
  TrustWalletCore: b6b3ada640a9e8bfaf3c4171a08ddd55b1162450

PODFILE CHECKSUM: 00bf3effe3130b2454508eb520294d786df3ec00

COCOAPODS: 1.10.1
