// !$*UTF8*$!
{
	archiveVersion = 1;
	classes = {
	};
	objectVersion = 52;
	objects = {

/* Begin PBXBuildFile section */
		2CF8217B350324FCF0D9B43F /* libPods-Web3Objc.a in Frameworks */ = {isa = PBXBuildFile; fileRef = FA120132AFF3F96DC23A2F2D /* libPods-Web3Objc.a */; };
		6504A3762462B75400CD20BB /* AppDelegate.m in Sources */ = {isa = PBXBuildFile; fileRef = 6504A3752462B75400CD20BB /* AppDelegate.m */; };
		6504A3792462B75400CD20BB /* SceneDelegate.m in Sources */ = {isa = PBXBuildFile; fileRef = 6504A3782462B75400CD20BB /* SceneDelegate.m */; };
		6504A37C2462B75400CD20BB /* ViewController.m in Sources */ = {isa = PBXBuildFile; fileRef = 6504A37B2462B75400CD20BB /* ViewController.m */; };
		6504A37F2462B75400CD20BB /* Main.storyboard in Resources */ = {isa = PBXBuildFile; fileRef = 6504A37D2462B75400CD20BB /* Main.storyboard */; };
		6504A3812462B75700CD20BB /* Assets.xcassets in Resources */ = {isa = PBXBuildFile; fileRef = 6504A3802462B75700CD20BB /* Assets.xcassets */; };
		6504A3842462B75700CD20BB /* LaunchScreen.storyboard in Resources */ = {isa = PBXBuildFile; fileRef = 6504A3822462B75700CD20BB /* LaunchScreen.storyboard */; };
		6504A3872462B75700CD20BB /* main.m in Sources */ = {isa = PBXBuildFile; fileRef = 6504A3862462B75700CD20BB /* main.m */; };
		6504A45E2463A4F200CD20BB /* Reachability.m in Sources */ = {isa = PBXBuildFile; fileRef = 6504A38F2463A4F100CD20BB /* Reachability.m */; };
		6504A4942463A4F200CD20BB /* scrypt_sha256.c in Sources */ = {isa = PBXBuildFile; fileRef = 6504A4142463A4F100CD20BB /* scrypt_sha256.c */; };
		6504A4952463A4F200CD20BB /* crypto_scrypt-nosse.c in Sources */ = {isa = PBXBuildFile; fileRef = 6504A4152463A4F100CD20BB /* crypto_scrypt-nosse.c */; };
		6504A4962463A4F200CD20BB /* SSKeychain.m in Sources */ = {isa = PBXBuildFile; fileRef = 6504A4182463A4F100CD20BB /* SSKeychain.m */; };
		6504A4972463A4F200CD20BB /* SBJsonParser.m in Sources */ = {isa = PBXBuildFile; fileRef = 6504A41C2463A4F100CD20BB /* SBJsonParser.m */; };
		6504A4982463A4F200CD20BB /* SBJSON.m in Sources */ = {isa = PBXBuildFile; fileRef = 6504A41D2463A4F100CD20BB /* SBJSON.m */; };
		6504A4992463A4F200CD20BB /* SBJsonBase.m in Sources */ = {isa = PBXBuildFile; fileRef = 6504A41E2463A4F100CD20BB /* SBJsonBase.m */; };
		6504A49A2463A4F200CD20BB /* SBJsonWriter.m in Sources */ = {isa = PBXBuildFile; fileRef = 6504A41F2463A4F100CD20BB /* SBJsonWriter.m */; };
		6504A4E32463AADC00CD20BB /* NSMutableData+CVETH.m in Sources */ = {isa = PBXBuildFile; fileRef = 6504A4D32463AADC00CD20BB /* NSMutableData+CVETH.m */; };
		6504A4E42463AADC00CD20BB /* NSObject+CVETH.m in Sources */ = {isa = PBXBuildFile; fileRef = 6504A4D72463AADC00CD20BB /* NSObject+CVETH.m */; };
		6504A4E52463AADC00CD20BB /* NSString+CVETH.m in Sources */ = {isa = PBXBuildFile; fileRef = 6504A4D92463AADC00CD20BB /* NSString+CVETH.m */; };
		6504A4E62463AADC00CD20BB /* NSData+SECP256K1.m in Sources */ = {isa = PBXBuildFile; fileRef = 6504A4DC2463AADC00CD20BB /* NSData+SECP256K1.m */; };
		6504A4E72463AADC00CD20BB /* NSData+CVETH.m in Sources */ = {isa = PBXBuildFile; fileRef = 6504A4DE2463AADC00CD20BB /* NSData+CVETH.m */; };
		6504A4E82463AADC00CD20BB /* NSDecimalNumber+MOD.m in Sources */ = {isa = PBXBuildFile; fileRef = 6504A4E22463AADC00CD20BB /* NSDecimalNumber+MOD.m */; };
		6504A4FD2463AB6F00CD20BB /* CVETHTransaction.m in Sources */ = {isa = PBXBuildFile; fileRef = 6504A4EC2463AB6F00CD20BB /* CVETHTransaction.m */; };
		6504A4FE2463AB6F00CD20BB /* CVETHJsonRPC.m in Sources */ = {isa = PBXBuildFile; fileRef = 6504A4EF2463AB6F00CD20BB /* CVETHJsonRPC.m */; };
		6504A4FF2463AB6F00CD20BB /* CVETH.m in Sources */ = {isa = PBXBuildFile; fileRef = 6504A4F02463AB6F00CD20BB /* CVETH.m */; };
		6504A5002463AB6F00CD20BB /* CVETHABIArgument.m in Sources */ = {isa = PBXBuildFile; fileRef = 6504A4F32463AB6F00CD20BB /* CVETHABIArgument.m */; };
		6504A5012463AB6F00CD20BB /* CVETHWallet.m in Sources */ = {isa = PBXBuildFile; fileRef = 6504A4F52463AB6F00CD20BB /* CVETHWallet.m */; };
		6504A5032463AB6F00CD20BB /* CVWebAPI.m in Sources */ = {isa = PBXBuildFile; fileRef = 6504A4FB2463AB6F00CD20BB /* CVWebAPI.m */; };
		6542BF3B24B2DC41000520CF /* CVBTCWallet.m in Sources */ = {isa = PBXBuildFile; fileRef = 6542BF3A24B2DC41000520CF /* CVBTCWallet.m */; };
		65891FC02463ED3F00E11F7E /* PKWeb3Objc.m in Sources */ = {isa = PBXBuildFile; fileRef = 65891FBF2463ED3F00E11F7E /* PKWeb3Objc.m */; };
		65891FC32463ED9D00E11F7E /* PKWeb3Eth.m in Sources */ = {isa = PBXBuildFile; fileRef = 65891FC22463ED9D00E11F7E /* PKWeb3Eth.m */; };
		65891FC62463EDA800E11F7E /* PKWeb3Utils.m in Sources */ = {isa = PBXBuildFile; fileRef = 65891FC52463EDA800E11F7E /* PKWeb3Utils.m */; };
		65891FCB2463F65B00E11F7E /* PKWeb3EthContract.m in Sources */ = {isa = PBXBuildFile; fileRef = 65891FCA2463F65B00E11F7E /* PKWeb3EthContract.m */; };
		65891FCE2463F66900E11F7E /* PKWeb3EthAccounts.m in Sources */ = {isa = PBXBuildFile; fileRef = 65891FCD2463F66900E11F7E /* PKWeb3EthAccounts.m */; };
		658ACDB9246B860300769DFA /* PKWeb3Crypto.m in Sources */ = {isa = PBXBuildFile; fileRef = 658ACDB8246B860300769DFA /* PKWeb3Crypto.m */; };
		E32218A3270442950036214D /* rlp.m in Sources */ = {isa = PBXBuildFile; fileRef = E32218A0270442940036214D /* rlp.m */; };
		E32218A4270442950036214D /* NSData+RLP.m in Sources */ = {isa = PBXBuildFile; fileRef = E32218A2270442940036214D /* NSData+RLP.m */; };
		E33A27912604AAB9004CBE35 /* NerveTools.m in Sources */ = {isa = PBXBuildFile; fileRef = E33A27902604AAB9004CBE35 /* NerveTools.m */; };
		E3407E7B26034DB1001D5BCB /* mpi.c in Sources */ = {isa = PBXBuildFile; fileRef = E3407E5B26034DB1001D5BCB /* mpi.c */; };
		E3407E8026034DB1001D5BCB /* BigNumber.m in Sources */ = {isa = PBXBuildFile; fileRef = E3407E6526034DB1001D5BCB /* BigNumber.m */; };
		E3407E8126034DB1001D5BCB /* RegEx.m in Sources */ = {isa = PBXBuildFile; fileRef = E3407E6826034DB1001D5BCB /* RegEx.m */; };
		E3407E8426034E09001D5BCB /* SecureData.m in Sources */ = {isa = PBXBuildFile; fileRef = E3407E8226034E09001D5BCB /* SecureData.m */; };
		E3818DB428409E1300CBD9E9 /* GMEllipticCurveCrypto+hash.m in Sources */ = {isa = PBXBuildFile; fileRef = E3818DB228409E1300CBD9E9 /* GMEllipticCurveCrypto+hash.m */; };
		E3818DB528409E1300CBD9E9 /* GMEllipticCurveCrypto.m in Sources */ = {isa = PBXBuildFile; fileRef = E3818DB328409E1300CBD9E9 /* GMEllipticCurveCrypto.m */; };
		E3AAE923269B027600E3A702 /* File2.swift in Sources */ = {isa = PBXBuildFile; fileRef = E3AAE922269B027600E3A702 /* File2.swift */; };
		E3AAE926269B035900E3A702 /* SwiftClass.swift in Sources */ = {isa = PBXBuildFile; fileRef = E3AAE925269B035900E3A702 /* SwiftClass.swift */; };
		E3AAE9F4269B452D00E3A702 /* secp256k1.c in Sources */ = {isa = PBXBuildFile; fileRef = E3AAE966269B452800E3A702 /* secp256k1.c */; };
		E3AAE9F5269B452D00E3A702 /* hmac_drbg.c in Sources */ = {isa = PBXBuildFile; fileRef = E3AAE967269B452800E3A702 /* hmac_drbg.c */; };
		E3AAE9F6269B452D00E3A702 /* AUTHORS in Resources */ = {isa = PBXBuildFile; fileRef = E3AAE969269B452800E3A702 /* AUTHORS */; };
		E3AAE9F7269B452D00E3A702 /* base32.c in Sources */ = {isa = PBXBuildFile; fileRef = E3AAE96A269B452800E3A702 /* base32.c */; };
		E3AAE9F8269B452D00E3A702 /* curves.c in Sources */ = {isa = PBXBuildFile; fileRef = E3AAE96B269B452800E3A702 /* curves.c */; };
		E3AAE9F9269B452D00E3A702 /* nist256p1.c in Sources */ = {isa = PBXBuildFile; fileRef = E3AAE96D269B452800E3A702 /* nist256p1.c */; };
		E3AAE9FA269B452D00E3A702 /* chacha_merged.c in Sources */ = {isa = PBXBuildFile; fileRef = E3AAE96F269B452800E3A702 /* chacha_merged.c */; };
		E3AAE9FB269B452D00E3A702 /* rfc7539.c in Sources */ = {isa = PBXBuildFile; fileRef = E3AAE975269B452800E3A702 /* rfc7539.c */; };
		E3AAE9FC269B452D00E3A702 /* poly1305-donna.c in Sources */ = {isa = PBXBuildFile; fileRef = E3AAE979269B452900E3A702 /* poly1305-donna.c */; };
		E3AAE9FD269B452D00E3A702 /* chacha20poly1305.c in Sources */ = {isa = PBXBuildFile; fileRef = E3AAE97A269B452900E3A702 /* chacha20poly1305.c */; };
		E3AAE9FE269B452D00E3A702 /* memzero.c in Sources */ = {isa = PBXBuildFile; fileRef = E3AAE97C269B452900E3A702 /* memzero.c */; };
		E3AAEA03269B452D00E3A702 /* rc4.c in Sources */ = {isa = PBXBuildFile; fileRef = E3AAE988269B452900E3A702 /* rc4.c */; };
		E3AAEA04269B452D00E3A702 /* secp256k1.table in Resources */ = {isa = PBXBuildFile; fileRef = E3AAE98C269B452900E3A702 /* secp256k1.table */; };
		E3AAEA06269B452D00E3A702 /* sha3.c in Sources */ = {isa = PBXBuildFile; fileRef = E3AAE990269B452900E3A702 /* sha3.c */; };
		E3AAEA07269B452D00E3A702 /* rand.c in Sources */ = {isa = PBXBuildFile; fileRef = E3AAE991269B452900E3A702 /* rand.c */; };
		E3AAEA08269B452D00E3A702 /* shamir.c in Sources */ = {isa = PBXBuildFile; fileRef = E3AAE992269B452900E3A702 /* shamir.c */; };
		E3AAEA09269B452D00E3A702 /* segwit_addr.c in Sources */ = {isa = PBXBuildFile; fileRef = E3AAE993269B452900E3A702 /* segwit_addr.c */; };
		E3AAEA0A269B452D00E3A702 /* sha2.c in Sources */ = {isa = PBXBuildFile; fileRef = E3AAE99E269B452A00E3A702 /* sha2.c */; };
		E3AAEA0B269B452D00E3A702 /* aeskey.c in Sources */ = {isa = PBXBuildFile; fileRef = E3AAE9A4269B452A00E3A702 /* aeskey.c */; };
		E3AAEA0C269B452D00E3A702 /* aescrypt.c in Sources */ = {isa = PBXBuildFile; fileRef = E3AAE9A6269B452A00E3A702 /* aescrypt.c */; };
		E3AAEA0D269B452D00E3A702 /* aes_modes.c in Sources */ = {isa = PBXBuildFile; fileRef = E3AAE9A9269B452A00E3A702 /* aes_modes.c */; };
		E3AAEA0E269B452D00E3A702 /* aestab.c in Sources */ = {isa = PBXBuildFile; fileRef = E3AAE9AB269B452A00E3A702 /* aestab.c */; };
		E3AAEA0F269B452D00E3A702 /* aestst.c in Sources */ = {isa = PBXBuildFile; fileRef = E3AAE9AC269B452A00E3A702 /* aestst.c */; };
		E3AAEA10269B452D00E3A702 /* blake2s.c in Sources */ = {isa = PBXBuildFile; fileRef = E3AAE9AD269B452A00E3A702 /* blake2s.c */; };
		E3AAEA11269B452D00E3A702 /* blake256.c in Sources */ = {isa = PBXBuildFile; fileRef = E3AAE9AF269B452B00E3A702 /* blake256.c */; };
		E3AAEA14269B452D00E3A702 /* ripemd160.c in Sources */ = {isa = PBXBuildFile; fileRef = E3AAE9B2269B452B00E3A702 /* ripemd160.c */; };
		E3AAEA16269B452D00E3A702 /* curve25519-donna-scalarmult-base.c in Sources */ = {isa = PBXBuildFile; fileRef = E3AAE9B6269B452B00E3A702 /* curve25519-donna-scalarmult-base.c */; };
		E3AAEA17269B452D00E3A702 /* ed25519-donna-32bit-tables.c in Sources */ = {isa = PBXBuildFile; fileRef = E3AAE9B8269B452B00E3A702 /* ed25519-donna-32bit-tables.c */; };
		E3AAEA18269B452D00E3A702 /* ed25519.c in Sources */ = {isa = PBXBuildFile; fileRef = E3AAE9BA269B452B00E3A702 /* ed25519.c */; };
		E3AAEA19269B452D00E3A702 /* curve25519-donna-helpers.c in Sources */ = {isa = PBXBuildFile; fileRef = E3AAE9BC269B452B00E3A702 /* curve25519-donna-helpers.c */; };
		E3AAEA1A269B452D00E3A702 /* ed25519-keccak.c in Sources */ = {isa = PBXBuildFile; fileRef = E3AAE9BD269B452B00E3A702 /* ed25519-keccak.c */; };
		E3AAEA1B269B452D00E3A702 /* ed25519-sha3.c in Sources */ = {isa = PBXBuildFile; fileRef = E3AAE9C0269B452B00E3A702 /* ed25519-sha3.c */; };
		E3AAEA1D269B452D00E3A702 /* ed25519-donna-basepoint-table.c in Sources */ = {isa = PBXBuildFile; fileRef = E3AAE9C5269B452B00E3A702 /* ed25519-donna-basepoint-table.c */; };
		E3AAEA1E269B452D00E3A702 /* modm-donna-32bit.c in Sources */ = {isa = PBXBuildFile; fileRef = E3AAE9C9269B452B00E3A702 /* modm-donna-32bit.c */; };
		E3AAEA1F269B452D00E3A702 /* curve25519-donna-32bit.c in Sources */ = {isa = PBXBuildFile; fileRef = E3AAE9CC269B452B00E3A702 /* curve25519-donna-32bit.c */; };
		E3AAEA20269B452D00E3A702 /* ed25519-donna-impl-base.c in Sources */ = {isa = PBXBuildFile; fileRef = E3AAE9CE269B452B00E3A702 /* ed25519-donna-impl-base.c */; };
		E3AAEA22269B452D00E3A702 /* chacha_drbg.c in Sources */ = {isa = PBXBuildFile; fileRef = E3AAE9D1269B452B00E3A702 /* chacha_drbg.c */; };
		E3AAEA23269B452D00E3A702 /* bip32.c in Sources */ = {isa = PBXBuildFile; fileRef = E3AAE9D2269B452B00E3A702 /* bip32.c */; };
		E3AAEA24269B452D00E3A702 /* blake2b.c in Sources */ = {isa = PBXBuildFile; fileRef = E3AAE9D6269B452B00E3A702 /* blake2b.c */; };
		E3AAEA25269B452D00E3A702 /* nem.c in Sources */ = {isa = PBXBuildFile; fileRef = E3AAE9D7269B452C00E3A702 /* nem.c */; };
		E3AAEA26269B452D00E3A702 /* rfc6979.c in Sources */ = {isa = PBXBuildFile; fileRef = E3AAE9D8269B452C00E3A702 /* rfc6979.c */; };
		E3AAEA27269B452D00E3A702 /* script.c in Sources */ = {isa = PBXBuildFile; fileRef = E3AAE9D9269B452C00E3A702 /* script.c */; };
		E3AAEA28269B452D00E3A702 /* pbkdf2.c in Sources */ = {isa = PBXBuildFile; fileRef = E3AAE9DB269B452C00E3A702 /* pbkdf2.c */; };
		E3AAEA29269B452D00E3A702 /* bignum.c in Sources */ = {isa = PBXBuildFile; fileRef = E3AAE9DC269B452C00E3A702 /* bignum.c */; };
		E3AAEA2A269B452D00E3A702 /* hmac.c in Sources */ = {isa = PBXBuildFile; fileRef = E3AAE9DE269B452C00E3A702 /* hmac.c */; };
		E3AAEA2B269B452D00E3A702 /* groestl.c in Sources */ = {isa = PBXBuildFile; fileRef = E3AAE9E1269B452C00E3A702 /* groestl.c */; };
		E3AAEA2C269B452D00E3A702 /* nist256p1.table in Resources */ = {isa = PBXBuildFile; fileRef = E3AAE9E5269B452C00E3A702 /* nist256p1.table */; };
		E3AAEA2D269B452D00E3A702 /* slip39.c in Sources */ = {isa = PBXBuildFile; fileRef = E3AAE9E6269B452C00E3A702 /* slip39.c */; };
		E3AAEA2E269B452D00E3A702 /* hasher.c in Sources */ = {isa = PBXBuildFile; fileRef = E3AAE9E8269B452D00E3A702 /* hasher.c */; };
		E3AAEA2F269B452D00E3A702 /* cash_addr.c in Sources */ = {isa = PBXBuildFile; fileRef = E3AAE9EB269B452D00E3A702 /* cash_addr.c */; };
		E3AAEA30269B452D00E3A702 /* address.c in Sources */ = {isa = PBXBuildFile; fileRef = E3AAE9EC269B452D00E3A702 /* address.c */; };
		E3AAEA31269B452D00E3A702 /* base58.c in Sources */ = {isa = PBXBuildFile; fileRef = E3AAE9EF269B452D00E3A702 /* base58.c */; };
		E3AAEA33269B452D00E3A702 /* ecdsa.c in Sources */ = {isa = PBXBuildFile; fileRef = E3AAE9F1269B452D00E3A702 /* ecdsa.c */; };
		E3AAEA34269B452D00E3A702 /* bip39.c in Sources */ = {isa = PBXBuildFile; fileRef = E3AAE9F2269B452D00E3A702 /* bip39.c */; };
		E3C5572A2A09013A0044477A /* SwiftProtobuf in Frameworks */ = {isa = PBXBuildFile; productRef = E3C557292A09013A0044477A /* SwiftProtobuf */; };
		E3C5572C2A09013A0044477A /* WalletCore in Frameworks */ = {isa = PBXBuildFile; productRef = E3C5572B2A09013A0044477A /* WalletCore */; };
/* End PBXBuildFile section */

/* Begin PBXFileReference section */
		6504A3712462B75400CD20BB /* Web3Objc.app */ = {isa = PBXFileReference; explicitFileType = wrapper.application; includeInIndex = 0; path = Web3Objc.app; sourceTree = BUILT_PRODUCTS_DIR; };
		6504A3742462B75400CD20BB /* AppDelegate.h */ = {isa = PBXFileReference; lastKnownFileType = sourcecode.c.h; path = AppDelegate.h; sourceTree = "<group>"; };
		6504A3752462B75400CD20BB /* AppDelegate.m */ = {isa = PBXFileReference; lastKnownFileType = sourcecode.c.objc; path = AppDelegate.m; sourceTree = "<group>"; };
		6504A3772462B75400CD20BB /* SceneDelegate.h */ = {isa = PBXFileReference; lastKnownFileType = sourcecode.c.h; path = SceneDelegate.h; sourceTree = "<group>"; };
		6504A3782462B75400CD20BB /* SceneDelegate.m */ = {isa = PBXFileReference; lastKnownFileType = sourcecode.c.objc; path = SceneDelegate.m; sourceTree = "<group>"; };
		6504A37A2462B75400CD20BB /* ViewController.h */ = {isa = PBXFileReference; lastKnownFileType = sourcecode.c.h; path = ViewController.h; sourceTree = "<group>"; };
		6504A37B2462B75400CD20BB /* ViewController.m */ = {isa = PBXFileReference; lastKnownFileType = sourcecode.c.objc; path = ViewController.m; sourceTree = "<group>"; };
		6504A37E2462B75400CD20BB /* Base */ = {isa = PBXFileReference; lastKnownFileType = file.storyboard; name = Base; path = Base.lproj/Main.storyboard; sourceTree = "<group>"; };
		6504A3802462B75700CD20BB /* Assets.xcassets */ = {isa = PBXFileReference; lastKnownFileType = folder.assetcatalog; path = Assets.xcassets; sourceTree = "<group>"; };
		6504A3832462B75700CD20BB /* Base */ = {isa = PBXFileReference; lastKnownFileType = file.storyboard; name = Base; path = Base.lproj/LaunchScreen.storyboard; sourceTree = "<group>"; };
		6504A3852462B75700CD20BB /* Info.plist */ = {isa = PBXFileReference; lastKnownFileType = text.plist.xml; path = Info.plist; sourceTree = "<group>"; };
		6504A3862462B75700CD20BB /* main.m */ = {isa = PBXFileReference; lastKnownFileType = sourcecode.c.objc; path = main.m; sourceTree = "<group>"; };
		6504A38F2463A4F100CD20BB /* Reachability.m */ = {isa = PBXFileReference; fileEncoding = 4; lastKnownFileType = sourcecode.c.objc; path = Reachability.m; sourceTree = "<group>"; };
		6504A3902463A4F100CD20BB /* Reachability.h */ = {isa = PBXFileReference; fileEncoding = 4; lastKnownFileType = sourcecode.c.h; path = Reachability.h; sourceTree = "<group>"; };
		6504A4102463A4F100CD20BB /* ccMemory.h */ = {isa = PBXFileReference; fileEncoding = 4; lastKnownFileType = sourcecode.c.h; path = ccMemory.h; sourceTree = "<group>"; };
		6504A4112463A4F100CD20BB /* scrypt_sha256.h */ = {isa = PBXFileReference; fileEncoding = 4; lastKnownFileType = sourcecode.c.h; path = scrypt_sha256.h; sourceTree = "<group>"; };
		6504A4122463A4F100CD20BB /* crypto_scrypt.h */ = {isa = PBXFileReference; fileEncoding = 4; lastKnownFileType = sourcecode.c.h; path = crypto_scrypt.h; sourceTree = "<group>"; };
		6504A4132463A4F100CD20BB /* sysendian.h */ = {isa = PBXFileReference; fileEncoding = 4; lastKnownFileType = sourcecode.c.h; path = sysendian.h; sourceTree = "<group>"; };
		6504A4142463A4F100CD20BB /* scrypt_sha256.c */ = {isa = PBXFileReference; fileEncoding = 4; lastKnownFileType = sourcecode.c.c; path = scrypt_sha256.c; sourceTree = "<group>"; };
		6504A4152463A4F100CD20BB /* crypto_scrypt-nosse.c */ = {isa = PBXFileReference; fileEncoding = 4; lastKnownFileType = sourcecode.c.c; path = "crypto_scrypt-nosse.c"; sourceTree = "<group>"; };
		6504A4172463A4F100CD20BB /* SSKeychain.h */ = {isa = PBXFileReference; fileEncoding = 4; lastKnownFileType = sourcecode.c.h; path = SSKeychain.h; sourceTree = "<group>"; };
		6504A4182463A4F100CD20BB /* SSKeychain.m */ = {isa = PBXFileReference; fileEncoding = 4; lastKnownFileType = sourcecode.c.objc; path = SSKeychain.m; sourceTree = "<group>"; };
		6504A41A2463A4F100CD20BB /* SBJsonBase.h */ = {isa = PBXFileReference; fileEncoding = 4; lastKnownFileType = sourcecode.c.h; path = SBJsonBase.h; sourceTree = "<group>"; };
		6504A41B2463A4F100CD20BB /* SBJsonWriter.h */ = {isa = PBXFileReference; fileEncoding = 4; lastKnownFileType = sourcecode.c.h; path = SBJsonWriter.h; sourceTree = "<group>"; };
		6504A41C2463A4F100CD20BB /* SBJsonParser.m */ = {isa = PBXFileReference; fileEncoding = 4; lastKnownFileType = sourcecode.c.objc; path = SBJsonParser.m; sourceTree = "<group>"; };
		6504A41D2463A4F100CD20BB /* SBJSON.m */ = {isa = PBXFileReference; fileEncoding = 4; lastKnownFileType = sourcecode.c.objc; path = SBJSON.m; sourceTree = "<group>"; };
		6504A41E2463A4F100CD20BB /* SBJsonBase.m */ = {isa = PBXFileReference; fileEncoding = 4; lastKnownFileType = sourcecode.c.objc; path = SBJsonBase.m; sourceTree = "<group>"; };
		6504A41F2463A4F100CD20BB /* SBJsonWriter.m */ = {isa = PBXFileReference; fileEncoding = 4; lastKnownFileType = sourcecode.c.objc; path = SBJsonWriter.m; sourceTree = "<group>"; };
		6504A4202463A4F100CD20BB /* SBJsonParser.h */ = {isa = PBXFileReference; fileEncoding = 4; lastKnownFileType = sourcecode.c.h; path = SBJsonParser.h; sourceTree = "<group>"; };
		6504A4212463A4F100CD20BB /* SBJSON.h */ = {isa = PBXFileReference; fileEncoding = 4; lastKnownFileType = sourcecode.c.h; path = SBJSON.h; sourceTree = "<group>"; };
		6504A4D32463AADC00CD20BB /* NSMutableData+CVETH.m */ = {isa = PBXFileReference; fileEncoding = 4; lastKnownFileType = sourcecode.c.objc; path = "NSMutableData+CVETH.m"; sourceTree = "<group>"; };
		6504A4D42463AADC00CD20BB /* NSMutableData+CVETH.h */ = {isa = PBXFileReference; fileEncoding = 4; lastKnownFileType = sourcecode.c.h; path = "NSMutableData+CVETH.h"; sourceTree = "<group>"; };
		6504A4D62463AADC00CD20BB /* NSObject+CVETH.h */ = {isa = PBXFileReference; fileEncoding = 4; lastKnownFileType = sourcecode.c.h; path = "NSObject+CVETH.h"; sourceTree = "<group>"; };
		6504A4D72463AADC00CD20BB /* NSObject+CVETH.m */ = {isa = PBXFileReference; fileEncoding = 4; lastKnownFileType = sourcecode.c.objc; path = "NSObject+CVETH.m"; sourceTree = "<group>"; };
		6504A4D92463AADC00CD20BB /* NSString+CVETH.m */ = {isa = PBXFileReference; fileEncoding = 4; lastKnownFileType = sourcecode.c.objc; path = "NSString+CVETH.m"; sourceTree = "<group>"; };
		6504A4DA2463AADC00CD20BB /* NSString+CVETH.h */ = {isa = PBXFileReference; fileEncoding = 4; lastKnownFileType = sourcecode.c.h; path = "NSString+CVETH.h"; sourceTree = "<group>"; };
		6504A4DC2463AADC00CD20BB /* NSData+SECP256K1.m */ = {isa = PBXFileReference; fileEncoding = 4; lastKnownFileType = sourcecode.c.objc; path = "NSData+SECP256K1.m"; sourceTree = "<group>"; };
		6504A4DD2463AADC00CD20BB /* NSData+CVETH.h */ = {isa = PBXFileReference; fileEncoding = 4; lastKnownFileType = sourcecode.c.h; path = "NSData+CVETH.h"; sourceTree = "<group>"; };
		6504A4DE2463AADC00CD20BB /* NSData+CVETH.m */ = {isa = PBXFileReference; fileEncoding = 4; lastKnownFileType = sourcecode.c.objc; path = "NSData+CVETH.m"; sourceTree = "<group>"; };
		6504A4DF2463AADC00CD20BB /* NSData+SECP256K1.h */ = {isa = PBXFileReference; fileEncoding = 4; lastKnownFileType = sourcecode.c.h; path = "NSData+SECP256K1.h"; sourceTree = "<group>"; };
		6504A4E12463AADC00CD20BB /* NSDecimalNumber+MOD.h */ = {isa = PBXFileReference; fileEncoding = 4; lastKnownFileType = sourcecode.c.h; path = "NSDecimalNumber+MOD.h"; sourceTree = "<group>"; };
		6504A4E22463AADC00CD20BB /* NSDecimalNumber+MOD.m */ = {isa = PBXFileReference; fileEncoding = 4; lastKnownFileType = sourcecode.c.objc; path = "NSDecimalNumber+MOD.m"; sourceTree = "<group>"; };
		6504A4EB2463AB6F00CD20BB /* CVETHTransaction.h */ = {isa = PBXFileReference; fileEncoding = 4; lastKnownFileType = sourcecode.c.h; path = CVETHTransaction.h; sourceTree = "<group>"; };
		6504A4EC2463AB6F00CD20BB /* CVETHTransaction.m */ = {isa = PBXFileReference; fileEncoding = 4; lastKnownFileType = sourcecode.c.objc; path = CVETHTransaction.m; sourceTree = "<group>"; };
		6504A4EE2463AB6F00CD20BB /* CVETHJsonRPC.h */ = {isa = PBXFileReference; fileEncoding = 4; lastKnownFileType = sourcecode.c.h; path = CVETHJsonRPC.h; sourceTree = "<group>"; };
		6504A4EF2463AB6F00CD20BB /* CVETHJsonRPC.m */ = {isa = PBXFileReference; fileEncoding = 4; lastKnownFileType = sourcecode.c.objc; path = CVETHJsonRPC.m; sourceTree = "<group>"; };
		6504A4F02463AB6F00CD20BB /* CVETH.m */ = {isa = PBXFileReference; fileEncoding = 4; lastKnownFileType = sourcecode.c.objc; path = CVETH.m; sourceTree = "<group>"; };
		6504A4F22463AB6F00CD20BB /* CVETHABIArgument.h */ = {isa = PBXFileReference; fileEncoding = 4; lastKnownFileType = sourcecode.c.h; path = CVETHABIArgument.h; sourceTree = "<group>"; };
		6504A4F32463AB6F00CD20BB /* CVETHABIArgument.m */ = {isa = PBXFileReference; fileEncoding = 4; lastKnownFileType = sourcecode.c.objc; path = CVETHABIArgument.m; sourceTree = "<group>"; };
		6504A4F52463AB6F00CD20BB /* CVETHWallet.m */ = {isa = PBXFileReference; fileEncoding = 4; lastKnownFileType = sourcecode.c.objc; path = CVETHWallet.m; sourceTree = "<group>"; };
		6504A4F72463AB6F00CD20BB /* CVETHWallet.h */ = {isa = PBXFileReference; fileEncoding = 4; lastKnownFileType = sourcecode.c.h; path = CVETHWallet.h; sourceTree = "<group>"; };
		6504A4FA2463AB6F00CD20BB /* CVWebAPI.h */ = {isa = PBXFileReference; fileEncoding = 4; lastKnownFileType = sourcecode.c.h; path = CVWebAPI.h; sourceTree = "<group>"; };
		6504A4FB2463AB6F00CD20BB /* CVWebAPI.m */ = {isa = PBXFileReference; fileEncoding = 4; lastKnownFileType = sourcecode.c.objc; path = CVWebAPI.m; sourceTree = "<group>"; };
		6504A4FC2463AB6F00CD20BB /* CVETH.h */ = {isa = PBXFileReference; fileEncoding = 4; lastKnownFileType = sourcecode.c.h; path = CVETH.h; sourceTree = "<group>"; };
		6542BF3924B2DC41000520CF /* CVBTCWallet.h */ = {isa = PBXFileReference; lastKnownFileType = sourcecode.c.h; path = CVBTCWallet.h; sourceTree = "<group>"; };
		6542BF3A24B2DC41000520CF /* CVBTCWallet.m */ = {isa = PBXFileReference; lastKnownFileType = sourcecode.c.objc; path = CVBTCWallet.m; sourceTree = "<group>"; };
		65891FBE2463ED3F00E11F7E /* PKWeb3Objc.h */ = {isa = PBXFileReference; lastKnownFileType = sourcecode.c.h; path = PKWeb3Objc.h; sourceTree = "<group>"; };
		65891FBF2463ED3F00E11F7E /* PKWeb3Objc.m */ = {isa = PBXFileReference; lastKnownFileType = sourcecode.c.objc; path = PKWeb3Objc.m; sourceTree = "<group>"; };
		65891FC12463ED9D00E11F7E /* PKWeb3Eth.h */ = {isa = PBXFileReference; lastKnownFileType = sourcecode.c.h; path = PKWeb3Eth.h; sourceTree = "<group>"; };
		65891FC22463ED9D00E11F7E /* PKWeb3Eth.m */ = {isa = PBXFileReference; lastKnownFileType = sourcecode.c.objc; path = PKWeb3Eth.m; sourceTree = "<group>"; };
		65891FC42463EDA800E11F7E /* PKWeb3Utils.h */ = {isa = PBXFileReference; lastKnownFileType = sourcecode.c.h; path = PKWeb3Utils.h; sourceTree = "<group>"; };
		65891FC52463EDA800E11F7E /* PKWeb3Utils.m */ = {isa = PBXFileReference; lastKnownFileType = sourcecode.c.objc; path = PKWeb3Utils.m; sourceTree = "<group>"; };
		65891FC92463F65B00E11F7E /* PKWeb3EthContract.h */ = {isa = PBXFileReference; lastKnownFileType = sourcecode.c.h; path = PKWeb3EthContract.h; sourceTree = "<group>"; };
		65891FCA2463F65B00E11F7E /* PKWeb3EthContract.m */ = {isa = PBXFileReference; lastKnownFileType = sourcecode.c.objc; path = PKWeb3EthContract.m; sourceTree = "<group>"; };
		65891FCC2463F66900E11F7E /* PKWeb3EthAccounts.h */ = {isa = PBXFileReference; lastKnownFileType = sourcecode.c.h; path = PKWeb3EthAccounts.h; sourceTree = "<group>"; };
		65891FCD2463F66900E11F7E /* PKWeb3EthAccounts.m */ = {isa = PBXFileReference; lastKnownFileType = sourcecode.c.objc; path = PKWeb3EthAccounts.m; sourceTree = "<group>"; };
		658ACDB7246B860300769DFA /* PKWeb3Crypto.h */ = {isa = PBXFileReference; lastKnownFileType = sourcecode.c.h; path = PKWeb3Crypto.h; sourceTree = "<group>"; };
		658ACDB8246B860300769DFA /* PKWeb3Crypto.m */ = {isa = PBXFileReference; lastKnownFileType = sourcecode.c.objc; path = PKWeb3Crypto.m; sourceTree = "<group>"; };
		A98BF9BFF7BEBE031F615939 /* Pods-Web3Objc.release.xcconfig */ = {isa = PBXFileReference; includeInIndex = 1; lastKnownFileType = text.xcconfig; name = "Pods-Web3Objc.release.xcconfig"; path = "Pods/Target Support Files/Pods-Web3Objc/Pods-Web3Objc.release.xcconfig"; sourceTree = "<group>"; };
		D1CBF372FC1AAAEA8FC877F0 /* Pods-Web3Objc.debug.xcconfig */ = {isa = PBXFileReference; includeInIndex = 1; lastKnownFileType = text.xcconfig; name = "Pods-Web3Objc.debug.xcconfig"; path = "Pods/Target Support Files/Pods-Web3Objc/Pods-Web3Objc.debug.xcconfig"; sourceTree = "<group>"; };
		E322189F270442940036214D /* rlp.h */ = {isa = PBXFileReference; fileEncoding = 4; lastKnownFileType = sourcecode.c.h; path = rlp.h; sourceTree = "<group>"; };
		E32218A0270442940036214D /* rlp.m */ = {isa = PBXFileReference; fileEncoding = 4; lastKnownFileType = sourcecode.c.objc; path = rlp.m; sourceTree = "<group>"; };
		E32218A1270442940036214D /* NSData+RLP.h */ = {isa = PBXFileReference; fileEncoding = 4; lastKnownFileType = sourcecode.c.h; path = "NSData+RLP.h"; sourceTree = "<group>"; };
		E32218A2270442940036214D /* NSData+RLP.m */ = {isa = PBXFileReference; fileEncoding = 4; lastKnownFileType = sourcecode.c.objc; path = "NSData+RLP.m"; sourceTree = "<group>"; };
		E33A278F2604AA8D004CBE35 /* NerveTools.h */ = {isa = PBXFileReference; lastKnownFileType = sourcecode.c.h; path = NerveTools.h; sourceTree = "<group>"; };
		E33A27902604AAB9004CBE35 /* NerveTools.m */ = {isa = PBXFileReference; lastKnownFileType = sourcecode.c.objc; path = NerveTools.m; sourceTree = "<group>"; };
		E3407E5726034DB1001D5BCB /* tommath_private.h */ = {isa = PBXFileReference; fileEncoding = 4; lastKnownFileType = sourcecode.c.h; path = tommath_private.h; sourceTree = "<group>"; };
		E3407E5826034DB1001D5BCB /* tommath_class.h */ = {isa = PBXFileReference; fileEncoding = 4; lastKnownFileType = sourcecode.c.h; path = tommath_class.h; sourceTree = "<group>"; };
		E3407E5926034DB1001D5BCB /* tommath_superclass.h */ = {isa = PBXFileReference; fileEncoding = 4; lastKnownFileType = sourcecode.c.h; path = tommath_superclass.h; sourceTree = "<group>"; };
		E3407E5A26034DB1001D5BCB /* tommath.h */ = {isa = PBXFileReference; fileEncoding = 4; lastKnownFileType = sourcecode.c.h; path = tommath.h; sourceTree = "<group>"; };
		E3407E5B26034DB1001D5BCB /* mpi.c */ = {isa = PBXFileReference; fileEncoding = 4; lastKnownFileType = sourcecode.c.c; path = mpi.c; sourceTree = "<group>"; };
		E3407E6526034DB1001D5BCB /* BigNumber.m */ = {isa = PBXFileReference; fileEncoding = 4; lastKnownFileType = sourcecode.c.objc; path = BigNumber.m; sourceTree = "<group>"; };
		E3407E6626034DB1001D5BCB /* RegEx.h */ = {isa = PBXFileReference; fileEncoding = 4; lastKnownFileType = sourcecode.c.h; path = RegEx.h; sourceTree = "<group>"; };
		E3407E6726034DB1001D5BCB /* BigNumber.h */ = {isa = PBXFileReference; fileEncoding = 4; lastKnownFileType = sourcecode.c.h; path = BigNumber.h; sourceTree = "<group>"; };
		E3407E6826034DB1001D5BCB /* RegEx.m */ = {isa = PBXFileReference; fileEncoding = 4; lastKnownFileType = sourcecode.c.objc; path = RegEx.m; sourceTree = "<group>"; };
		E3407E8226034E09001D5BCB /* SecureData.m */ = {isa = PBXFileReference; fileEncoding = 4; lastKnownFileType = sourcecode.c.objc; path = SecureData.m; sourceTree = "<group>"; };
		E3407E8326034E09001D5BCB /* SecureData.h */ = {isa = PBXFileReference; fileEncoding = 4; lastKnownFileType = sourcecode.c.h; path = SecureData.h; sourceTree = "<group>"; };
		E3818DB028409E1200CBD9E9 /* GMEllipticCurveCrypto+hash.h */ = {isa = PBXFileReference; fileEncoding = 4; lastKnownFileType = sourcecode.c.h; path = "GMEllipticCurveCrypto+hash.h"; sourceTree = "<group>"; };
		E3818DB128409E1300CBD9E9 /* GMEllipticCurveCrypto.h */ = {isa = PBXFileReference; fileEncoding = 4; lastKnownFileType = sourcecode.c.h; path = GMEllipticCurveCrypto.h; sourceTree = "<group>"; };
		E3818DB228409E1300CBD9E9 /* GMEllipticCurveCrypto+hash.m */ = {isa = PBXFileReference; fileEncoding = 4; lastKnownFileType = sourcecode.c.objc; path = "GMEllipticCurveCrypto+hash.m"; sourceTree = "<group>"; };
		E3818DB328409E1300CBD9E9 /* GMEllipticCurveCrypto.m */ = {isa = PBXFileReference; fileEncoding = 4; lastKnownFileType = sourcecode.c.objc; path = GMEllipticCurveCrypto.m; sourceTree = "<group>"; };
		E3AAE922269B027600E3A702 /* File2.swift */ = {isa = PBXFileReference; lastKnownFileType = sourcecode.swift; path = File2.swift; sourceTree = "<group>"; };
		E3AAE924269B035900E3A702 /* Web3Objc-Bridging-Header.h */ = {isa = PBXFileReference; fileEncoding = 4; lastKnownFileType = sourcecode.c.h; path = "Web3Objc-Bridging-Header.h"; sourceTree = "<group>"; };
		E3AAE925269B035900E3A702 /* SwiftClass.swift */ = {isa = PBXFileReference; fileEncoding = 4; lastKnownFileType = sourcecode.swift; path = SwiftClass.swift; sourceTree = "<group>"; };
		E3AAE965269B446F00E3A702 /* TrezorCrypto.h */ = {isa = PBXFileReference; fileEncoding = 4; lastKnownFileType = sourcecode.c.h; path = TrezorCrypto.h; sourceTree = "<group>"; };
		E3AAE966269B452800E3A702 /* secp256k1.c */ = {isa = PBXFileReference; fileEncoding = 4; lastKnownFileType = sourcecode.c.c; path = secp256k1.c; sourceTree = "<group>"; };
		E3AAE967269B452800E3A702 /* hmac_drbg.c */ = {isa = PBXFileReference; fileEncoding = 4; lastKnownFileType = sourcecode.c.c; path = hmac_drbg.c; sourceTree = "<group>"; };
		E3AAE968269B452800E3A702 /* base32.h */ = {isa = PBXFileReference; fileEncoding = 4; lastKnownFileType = sourcecode.c.h; path = base32.h; sourceTree = "<group>"; };
		E3AAE969269B452800E3A702 /* AUTHORS */ = {isa = PBXFileReference; fileEncoding = 4; lastKnownFileType = text; path = AUTHORS; sourceTree = "<group>"; };
		E3AAE96A269B452800E3A702 /* base32.c */ = {isa = PBXFileReference; fileEncoding = 4; lastKnownFileType = sourcecode.c.c; path = base32.c; sourceTree = "<group>"; };
		E3AAE96B269B452800E3A702 /* curves.c */ = {isa = PBXFileReference; fileEncoding = 4; lastKnownFileType = sourcecode.c.c; path = curves.c; sourceTree = "<group>"; };
		E3AAE96C269B452800E3A702 /* blake2s.h */ = {isa = PBXFileReference; fileEncoding = 4; lastKnownFileType = sourcecode.c.h; path = blake2s.h; sourceTree = "<group>"; };
		E3AAE96D269B452800E3A702 /* nist256p1.c */ = {isa = PBXFileReference; fileEncoding = 4; lastKnownFileType = sourcecode.c.c; path = nist256p1.c; sourceTree = "<group>"; };
		E3AAE96F269B452800E3A702 /* chacha_merged.c */ = {isa = PBXFileReference; fileEncoding = 4; lastKnownFileType = sourcecode.c.c; path = chacha_merged.c; sourceTree = "<group>"; };
		E3AAE970269B452800E3A702 /* ecrypt-types.h */ = {isa = PBXFileReference; fileEncoding = 4; lastKnownFileType = sourcecode.c.h; path = "ecrypt-types.h"; sourceTree = "<group>"; };
		E3AAE971269B452800E3A702 /* rfc7539.h */ = {isa = PBXFileReference; fileEncoding = 4; lastKnownFileType = sourcecode.c.h; path = rfc7539.h; sourceTree = "<group>"; };
		E3AAE972269B452800E3A702 /* poly1305-donna.h */ = {isa = PBXFileReference; fileEncoding = 4; lastKnownFileType = sourcecode.c.h; path = "poly1305-donna.h"; sourceTree = "<group>"; };
		E3AAE973269B452800E3A702 /* chacha20poly1305.h */ = {isa = PBXFileReference; fileEncoding = 4; lastKnownFileType = sourcecode.c.h; path = chacha20poly1305.h; sourceTree = "<group>"; };
		E3AAE974269B452800E3A702 /* ecrypt-portable.h */ = {isa = PBXFileReference; fileEncoding = 4; lastKnownFileType = sourcecode.c.h; path = "ecrypt-portable.h"; sourceTree = "<group>"; };
		E3AAE975269B452800E3A702 /* rfc7539.c */ = {isa = PBXFileReference; fileEncoding = 4; lastKnownFileType = sourcecode.c.c; path = rfc7539.c; sourceTree = "<group>"; };
		E3AAE976269B452800E3A702 /* ecrypt-config.h */ = {isa = PBXFileReference; fileEncoding = 4; lastKnownFileType = sourcecode.c.h; path = "ecrypt-config.h"; sourceTree = "<group>"; };
		E3AAE977269B452900E3A702 /* ecrypt-machine.h */ = {isa = PBXFileReference; fileEncoding = 4; lastKnownFileType = sourcecode.c.h; path = "ecrypt-machine.h"; sourceTree = "<group>"; };
		E3AAE978269B452900E3A702 /* ecrypt-sync.h */ = {isa = PBXFileReference; fileEncoding = 4; lastKnownFileType = sourcecode.c.h; path = "ecrypt-sync.h"; sourceTree = "<group>"; };
		E3AAE979269B452900E3A702 /* poly1305-donna.c */ = {isa = PBXFileReference; fileEncoding = 4; lastKnownFileType = sourcecode.c.c; path = "poly1305-donna.c"; sourceTree = "<group>"; };
		E3AAE97A269B452900E3A702 /* chacha20poly1305.c */ = {isa = PBXFileReference; fileEncoding = 4; lastKnownFileType = sourcecode.c.c; path = chacha20poly1305.c; sourceTree = "<group>"; };
		E3AAE97B269B452900E3A702 /* poly1305-donna-32.h */ = {isa = PBXFileReference; fileEncoding = 4; lastKnownFileType = sourcecode.c.h; path = "poly1305-donna-32.h"; sourceTree = "<group>"; };
		E3AAE97C269B452900E3A702 /* memzero.c */ = {isa = PBXFileReference; fileEncoding = 4; lastKnownFileType = sourcecode.c.c; path = memzero.c; sourceTree = "<group>"; };
		E3AAE988269B452900E3A702 /* rc4.c */ = {isa = PBXFileReference; fileEncoding = 4; lastKnownFileType = sourcecode.c.c; path = rc4.c; sourceTree = "<group>"; };
		E3AAE989269B452900E3A702 /* rc4.h */ = {isa = PBXFileReference; fileEncoding = 4; lastKnownFileType = sourcecode.c.h; path = rc4.h; sourceTree = "<group>"; };
		E3AAE98A269B452900E3A702 /* sha2.h */ = {isa = PBXFileReference; fileEncoding = 4; lastKnownFileType = sourcecode.c.h; path = sha2.h; sourceTree = "<group>"; };
		E3AAE98B269B452900E3A702 /* pbkdf2.h */ = {isa = PBXFileReference; fileEncoding = 4; lastKnownFileType = sourcecode.c.h; path = pbkdf2.h; sourceTree = "<group>"; };
		E3AAE98C269B452900E3A702 /* secp256k1.table */ = {isa = PBXFileReference; fileEncoding = 4; lastKnownFileType = text; path = secp256k1.table; sourceTree = "<group>"; };
		E3AAE98E269B452900E3A702 /* ecdsa.h */ = {isa = PBXFileReference; fileEncoding = 4; lastKnownFileType = sourcecode.c.h; path = ecdsa.h; sourceTree = "<group>"; };
		E3AAE98F269B452900E3A702 /* rand.h */ = {isa = PBXFileReference; fileEncoding = 4; lastKnownFileType = sourcecode.c.h; path = rand.h; sourceTree = "<group>"; };
		E3AAE990269B452900E3A702 /* sha3.c */ = {isa = PBXFileReference; fileEncoding = 4; lastKnownFileType = sourcecode.c.c; path = sha3.c; sourceTree = "<group>"; };
		E3AAE991269B452900E3A702 /* rand.c */ = {isa = PBXFileReference; fileEncoding = 4; lastKnownFileType = sourcecode.c.c; path = rand.c; sourceTree = "<group>"; };
		E3AAE992269B452900E3A702 /* shamir.c */ = {isa = PBXFileReference; fileEncoding = 4; lastKnownFileType = sourcecode.c.c; path = shamir.c; sourceTree = "<group>"; };
		E3AAE993269B452900E3A702 /* segwit_addr.c */ = {isa = PBXFileReference; fileEncoding = 4; lastKnownFileType = sourcecode.c.c; path = segwit_addr.c; sourceTree = "<group>"; };
		E3AAE994269B452900E3A702 /* groestl_internal.h */ = {isa = PBXFileReference; fileEncoding = 4; lastKnownFileType = sourcecode.c.h; path = groestl_internal.h; sourceTree = "<group>"; };
		E3AAE995269B452900E3A702 /* hmac_drbg.h */ = {isa = PBXFileReference; fileEncoding = 4; lastKnownFileType = sourcecode.c.h; path = hmac_drbg.h; sourceTree = "<group>"; };
		E3AAE996269B452900E3A702 /* check_mem.h */ = {isa = PBXFileReference; fileEncoding = 4; lastKnownFileType = sourcecode.c.h; path = check_mem.h; sourceTree = "<group>"; };
		E3AAE997269B452A00E3A702 /* cash_addr.h */ = {isa = PBXFileReference; fileEncoding = 4; lastKnownFileType = sourcecode.c.h; path = cash_addr.h; sourceTree = "<group>"; };
		E3AAE998269B452A00E3A702 /* nist256p1.h */ = {isa = PBXFileReference; fileEncoding = 4; lastKnownFileType = sourcecode.c.h; path = nist256p1.h; sourceTree = "<group>"; };
		E3AAE999269B452A00E3A702 /* shamir.h */ = {isa = PBXFileReference; fileEncoding = 4; lastKnownFileType = sourcecode.c.h; path = shamir.h; sourceTree = "<group>"; };
		E3AAE99A269B452A00E3A702 /* slip39_wordlist.h */ = {isa = PBXFileReference; fileEncoding = 4; lastKnownFileType = sourcecode.c.h; path = slip39_wordlist.h; sourceTree = "<group>"; };
		E3AAE99B269B452A00E3A702 /* chacha_drbg.h */ = {isa = PBXFileReference; fileEncoding = 4; lastKnownFileType = sourcecode.c.h; path = chacha_drbg.h; sourceTree = "<group>"; };
		E3AAE99C269B452A00E3A702 /* bip39_english.h */ = {isa = PBXFileReference; fileEncoding = 4; lastKnownFileType = sourcecode.c.h; path = bip39_english.h; sourceTree = "<group>"; };
		E3AAE99D269B452A00E3A702 /* options.h */ = {isa = PBXFileReference; fileEncoding = 4; lastKnownFileType = sourcecode.c.h; path = options.h; sourceTree = "<group>"; };
		E3AAE99E269B452A00E3A702 /* sha2.c */ = {isa = PBXFileReference; fileEncoding = 4; lastKnownFileType = sourcecode.c.c; path = sha2.c; sourceTree = "<group>"; };
		E3AAE99F269B452A00E3A702 /* memzero.h */ = {isa = PBXFileReference; fileEncoding = 4; lastKnownFileType = sourcecode.c.h; path = memzero.h; sourceTree = "<group>"; };
		E3AAE9A1269B452A00E3A702 /* sha3.h */ = {isa = PBXFileReference; fileEncoding = 4; lastKnownFileType = sourcecode.c.h; path = sha3.h; sourceTree = "<group>"; };
		E3AAE9A2269B452A00E3A702 /* rfc6979.h */ = {isa = PBXFileReference; fileEncoding = 4; lastKnownFileType = sourcecode.c.h; path = rfc6979.h; sourceTree = "<group>"; };
		E3AAE9A4269B452A00E3A702 /* aeskey.c */ = {isa = PBXFileReference; fileEncoding = 4; lastKnownFileType = sourcecode.c.c; path = aeskey.c; sourceTree = "<group>"; };
		E3AAE9A5269B452A00E3A702 /* aestab.h */ = {isa = PBXFileReference; fileEncoding = 4; lastKnownFileType = sourcecode.c.h; path = aestab.h; sourceTree = "<group>"; };
		E3AAE9A6269B452A00E3A702 /* aescrypt.c */ = {isa = PBXFileReference; fileEncoding = 4; lastKnownFileType = sourcecode.c.c; path = aescrypt.c; sourceTree = "<group>"; };
		E3AAE9A7269B452A00E3A702 /* aesopt.h */ = {isa = PBXFileReference; fileEncoding = 4; lastKnownFileType = sourcecode.c.h; path = aesopt.h; sourceTree = "<group>"; };
		E3AAE9A8269B452A00E3A702 /* aestst.h */ = {isa = PBXFileReference; fileEncoding = 4; lastKnownFileType = sourcecode.c.h; path = aestst.h; sourceTree = "<group>"; };
		E3AAE9A9269B452A00E3A702 /* aes_modes.c */ = {isa = PBXFileReference; fileEncoding = 4; lastKnownFileType = sourcecode.c.c; path = aes_modes.c; sourceTree = "<group>"; };
		E3AAE9AA269B452A00E3A702 /* aes.h */ = {isa = PBXFileReference; fileEncoding = 4; lastKnownFileType = sourcecode.c.h; path = aes.h; sourceTree = "<group>"; };
		E3AAE9AB269B452A00E3A702 /* aestab.c */ = {isa = PBXFileReference; fileEncoding = 4; lastKnownFileType = sourcecode.c.c; path = aestab.c; sourceTree = "<group>"; };
		E3AAE9AC269B452A00E3A702 /* aestst.c */ = {isa = PBXFileReference; fileEncoding = 4; lastKnownFileType = sourcecode.c.c; path = aestst.c; sourceTree = "<group>"; };
		E3AAE9AD269B452A00E3A702 /* blake2s.c */ = {isa = PBXFileReference; fileEncoding = 4; lastKnownFileType = sourcecode.c.c; path = blake2s.c; sourceTree = "<group>"; };
		E3AAE9AE269B452A00E3A702 /* address.h */ = {isa = PBXFileReference; fileEncoding = 4; lastKnownFileType = sourcecode.c.h; path = address.h; sourceTree = "<group>"; };
		E3AAE9AF269B452B00E3A702 /* blake256.c */ = {isa = PBXFileReference; fileEncoding = 4; lastKnownFileType = sourcecode.c.c; path = blake256.c; sourceTree = "<group>"; };
		E3AAE9B2269B452B00E3A702 /* ripemd160.c */ = {isa = PBXFileReference; fileEncoding = 4; lastKnownFileType = sourcecode.c.c; path = ripemd160.c; sourceTree = "<group>"; };
		E3AAE9B3269B452B00E3A702 /* secp256k1.h */ = {isa = PBXFileReference; fileEncoding = 4; lastKnownFileType = sourcecode.c.h; path = secp256k1.h; sourceTree = "<group>"; };
		E3AAE9B6269B452B00E3A702 /* curve25519-donna-scalarmult-base.c */ = {isa = PBXFileReference; fileEncoding = 4; lastKnownFileType = sourcecode.c.c; path = "curve25519-donna-scalarmult-base.c"; sourceTree = "<group>"; };
		E3AAE9B7269B452B00E3A702 /* ed25519-donna-basepoint-table.h */ = {isa = PBXFileReference; fileEncoding = 4; lastKnownFileType = sourcecode.c.h; path = "ed25519-donna-basepoint-table.h"; sourceTree = "<group>"; };
		E3AAE9B8269B452B00E3A702 /* ed25519-donna-32bit-tables.c */ = {isa = PBXFileReference; fileEncoding = 4; lastKnownFileType = sourcecode.c.c; path = "ed25519-donna-32bit-tables.c"; sourceTree = "<group>"; };
		E3AAE9B9269B452B00E3A702 /* modm-donna-32bit.h */ = {isa = PBXFileReference; fileEncoding = 4; lastKnownFileType = sourcecode.c.h; path = "modm-donna-32bit.h"; sourceTree = "<group>"; };
		E3AAE9BA269B452B00E3A702 /* ed25519.c */ = {isa = PBXFileReference; fileEncoding = 4; lastKnownFileType = sourcecode.c.c; path = ed25519.c; sourceTree = "<group>"; };
		E3AAE9BB269B452B00E3A702 /* ed25519-donna.h */ = {isa = PBXFileReference; fileEncoding = 4; lastKnownFileType = sourcecode.c.h; path = "ed25519-donna.h"; sourceTree = "<group>"; };
		E3AAE9BC269B452B00E3A702 /* curve25519-donna-helpers.c */ = {isa = PBXFileReference; fileEncoding = 4; lastKnownFileType = sourcecode.c.c; path = "curve25519-donna-helpers.c"; sourceTree = "<group>"; };
		E3AAE9BD269B452B00E3A702 /* ed25519-keccak.c */ = {isa = PBXFileReference; fileEncoding = 4; lastKnownFileType = sourcecode.c.c; path = "ed25519-keccak.c"; sourceTree = "<group>"; };
		E3AAE9BE269B452B00E3A702 /* ed25519-hash-custom.h */ = {isa = PBXFileReference; fileEncoding = 4; lastKnownFileType = sourcecode.c.h; path = "ed25519-hash-custom.h"; sourceTree = "<group>"; };
		E3AAE9BF269B452B00E3A702 /* curve25519-donna-32bit.h */ = {isa = PBXFileReference; fileEncoding = 4; lastKnownFileType = sourcecode.c.h; path = "curve25519-donna-32bit.h"; sourceTree = "<group>"; };
		E3AAE9C0269B452B00E3A702 /* ed25519-sha3.c */ = {isa = PBXFileReference; fileEncoding = 4; lastKnownFileType = sourcecode.c.c; path = "ed25519-sha3.c"; sourceTree = "<group>"; };
		E3AAE9C1269B452B00E3A702 /* ed25519-donna-impl-base.h */ = {isa = PBXFileReference; fileEncoding = 4; lastKnownFileType = sourcecode.c.h; path = "ed25519-donna-impl-base.h"; sourceTree = "<group>"; };
		E3AAE9C2269B452B00E3A702 /* ed25519-donna-portable.h */ = {isa = PBXFileReference; fileEncoding = 4; lastKnownFileType = sourcecode.c.h; path = "ed25519-donna-portable.h"; sourceTree = "<group>"; };
		E3AAE9C4269B452B00E3A702 /* ed25519-donna-32bit-tables.h */ = {isa = PBXFileReference; fileEncoding = 4; lastKnownFileType = sourcecode.c.h; path = "ed25519-donna-32bit-tables.h"; sourceTree = "<group>"; };
		E3AAE9C5269B452B00E3A702 /* ed25519-donna-basepoint-table.c */ = {isa = PBXFileReference; fileEncoding = 4; lastKnownFileType = sourcecode.c.c; path = "ed25519-donna-basepoint-table.c"; sourceTree = "<group>"; };
		E3AAE9C6269B452B00E3A702 /* curve25519-donna-scalarmult-base.h */ = {isa = PBXFileReference; fileEncoding = 4; lastKnownFileType = sourcecode.c.h; path = "curve25519-donna-scalarmult-base.h"; sourceTree = "<group>"; };
		E3AAE9C7269B452B00E3A702 /* ed25519-hash-custom-keccak.h */ = {isa = PBXFileReference; fileEncoding = 4; lastKnownFileType = sourcecode.c.h; path = "ed25519-hash-custom-keccak.h"; sourceTree = "<group>"; };
		E3AAE9C8269B452B00E3A702 /* ed25519-keccak.h */ = {isa = PBXFileReference; fileEncoding = 4; lastKnownFileType = sourcecode.c.h; path = "ed25519-keccak.h"; sourceTree = "<group>"; };
		E3AAE9C9269B452B00E3A702 /* modm-donna-32bit.c */ = {isa = PBXFileReference; fileEncoding = 4; lastKnownFileType = sourcecode.c.c; path = "modm-donna-32bit.c"; sourceTree = "<group>"; };
		E3AAE9CA269B452B00E3A702 /* curve25519-donna-helpers.h */ = {isa = PBXFileReference; fileEncoding = 4; lastKnownFileType = sourcecode.c.h; path = "curve25519-donna-helpers.h"; sourceTree = "<group>"; };
		E3AAE9CB269B452B00E3A702 /* ed25519.h */ = {isa = PBXFileReference; fileEncoding = 4; lastKnownFileType = sourcecode.c.h; path = ed25519.h; sourceTree = "<group>"; };
		E3AAE9CC269B452B00E3A702 /* curve25519-donna-32bit.c */ = {isa = PBXFileReference; fileEncoding = 4; lastKnownFileType = sourcecode.c.c; path = "curve25519-donna-32bit.c"; sourceTree = "<group>"; };
		E3AAE9CD269B452B00E3A702 /* ed25519-hash-custom-sha3.h */ = {isa = PBXFileReference; fileEncoding = 4; lastKnownFileType = sourcecode.c.h; path = "ed25519-hash-custom-sha3.h"; sourceTree = "<group>"; };
		E3AAE9CE269B452B00E3A702 /* ed25519-donna-impl-base.c */ = {isa = PBXFileReference; fileEncoding = 4; lastKnownFileType = sourcecode.c.c; path = "ed25519-donna-impl-base.c"; sourceTree = "<group>"; };
		E3AAE9CF269B452B00E3A702 /* ed25519-sha3.h */ = {isa = PBXFileReference; fileEncoding = 4; lastKnownFileType = sourcecode.c.h; path = "ed25519-sha3.h"; sourceTree = "<group>"; };
		E3AAE9D1269B452B00E3A702 /* chacha_drbg.c */ = {isa = PBXFileReference; fileEncoding = 4; lastKnownFileType = sourcecode.c.c; path = chacha_drbg.c; sourceTree = "<group>"; };
		E3AAE9D2269B452B00E3A702 /* bip32.c */ = {isa = PBXFileReference; fileEncoding = 4; lastKnownFileType = sourcecode.c.c; path = bip32.c; sourceTree = "<group>"; };
		E3AAE9D3269B452B00E3A702 /* hmac.h */ = {isa = PBXFileReference; fileEncoding = 4; lastKnownFileType = sourcecode.c.h; path = hmac.h; sourceTree = "<group>"; };
		E3AAE9D4269B452B00E3A702 /* blake2b.h */ = {isa = PBXFileReference; fileEncoding = 4; lastKnownFileType = sourcecode.c.h; path = blake2b.h; sourceTree = "<group>"; };
		E3AAE9D5269B452B00E3A702 /* bignum.h */ = {isa = PBXFileReference; fileEncoding = 4; lastKnownFileType = sourcecode.c.h; path = bignum.h; sourceTree = "<group>"; };
		E3AAE9D6269B452B00E3A702 /* blake2b.c */ = {isa = PBXFileReference; fileEncoding = 4; lastKnownFileType = sourcecode.c.c; path = blake2b.c; sourceTree = "<group>"; };
		E3AAE9D7269B452C00E3A702 /* nem.c */ = {isa = PBXFileReference; fileEncoding = 4; lastKnownFileType = sourcecode.c.c; path = nem.c; sourceTree = "<group>"; };
		E3AAE9D8269B452C00E3A702 /* rfc6979.c */ = {isa = PBXFileReference; fileEncoding = 4; lastKnownFileType = sourcecode.c.c; path = rfc6979.c; sourceTree = "<group>"; };
		E3AAE9D9269B452C00E3A702 /* script.c */ = {isa = PBXFileReference; fileEncoding = 4; lastKnownFileType = sourcecode.c.c; path = script.c; sourceTree = "<group>"; };
		E3AAE9DA269B452C00E3A702 /* blake256.h */ = {isa = PBXFileReference; fileEncoding = 4; lastKnownFileType = sourcecode.c.h; path = blake256.h; sourceTree = "<group>"; };
		E3AAE9DB269B452C00E3A702 /* pbkdf2.c */ = {isa = PBXFileReference; fileEncoding = 4; lastKnownFileType = sourcecode.c.c; path = pbkdf2.c; sourceTree = "<group>"; };
		E3AAE9DC269B452C00E3A702 /* bignum.c */ = {isa = PBXFileReference; fileEncoding = 4; lastKnownFileType = sourcecode.c.c; path = bignum.c; sourceTree = "<group>"; };
		E3AAE9DD269B452C00E3A702 /* ripemd160.h */ = {isa = PBXFileReference; fileEncoding = 4; lastKnownFileType = sourcecode.c.h; path = ripemd160.h; sourceTree = "<group>"; };
		E3AAE9DE269B452C00E3A702 /* hmac.c */ = {isa = PBXFileReference; fileEncoding = 4; lastKnownFileType = sourcecode.c.c; path = hmac.c; sourceTree = "<group>"; };
		E3AAE9DF269B452C00E3A702 /* base58.h */ = {isa = PBXFileReference; fileEncoding = 4; lastKnownFileType = sourcecode.c.h; path = base58.h; sourceTree = "<group>"; };
		E3AAE9E0269B452C00E3A702 /* curves.h */ = {isa = PBXFileReference; fileEncoding = 4; lastKnownFileType = sourcecode.c.h; path = curves.h; sourceTree = "<group>"; };
		E3AAE9E1269B452C00E3A702 /* groestl.c */ = {isa = PBXFileReference; fileEncoding = 4; lastKnownFileType = sourcecode.c.c; path = groestl.c; sourceTree = "<group>"; };
		E3AAE9E2269B452C00E3A702 /* segwit_addr.h */ = {isa = PBXFileReference; fileEncoding = 4; lastKnownFileType = sourcecode.c.h; path = segwit_addr.h; sourceTree = "<group>"; };
		E3AAE9E3269B452C00E3A702 /* slip39.h */ = {isa = PBXFileReference; fileEncoding = 4; lastKnownFileType = sourcecode.c.h; path = slip39.h; sourceTree = "<group>"; };
		E3AAE9E4269B452C00E3A702 /* groestl.h */ = {isa = PBXFileReference; fileEncoding = 4; lastKnownFileType = sourcecode.c.h; path = groestl.h; sourceTree = "<group>"; };
		E3AAE9E5269B452C00E3A702 /* nist256p1.table */ = {isa = PBXFileReference; fileEncoding = 4; lastKnownFileType = text; path = nist256p1.table; sourceTree = "<group>"; };
		E3AAE9E6269B452C00E3A702 /* slip39.c */ = {isa = PBXFileReference; fileEncoding = 4; lastKnownFileType = sourcecode.c.c; path = slip39.c; sourceTree = "<group>"; };
		E3AAE9E7269B452D00E3A702 /* hasher.h */ = {isa = PBXFileReference; fileEncoding = 4; lastKnownFileType = sourcecode.c.h; path = hasher.h; sourceTree = "<group>"; };
		E3AAE9E8269B452D00E3A702 /* hasher.c */ = {isa = PBXFileReference; fileEncoding = 4; lastKnownFileType = sourcecode.c.c; path = hasher.c; sourceTree = "<group>"; };
		E3AAE9E9269B452D00E3A702 /* bip32.h */ = {isa = PBXFileReference; fileEncoding = 4; lastKnownFileType = sourcecode.c.h; path = bip32.h; sourceTree = "<group>"; };
		E3AAE9EA269B452D00E3A702 /* script.h */ = {isa = PBXFileReference; fileEncoding = 4; lastKnownFileType = sourcecode.c.h; path = script.h; sourceTree = "<group>"; };
		E3AAE9EB269B452D00E3A702 /* cash_addr.c */ = {isa = PBXFileReference; fileEncoding = 4; lastKnownFileType = sourcecode.c.c; path = cash_addr.c; sourceTree = "<group>"; };
		E3AAE9EC269B452D00E3A702 /* address.c */ = {isa = PBXFileReference; fileEncoding = 4; lastKnownFileType = sourcecode.c.c; path = address.c; sourceTree = "<group>"; };
		E3AAE9ED269B452D00E3A702 /* blake2_common.h */ = {isa = PBXFileReference; fileEncoding = 4; lastKnownFileType = sourcecode.c.h; path = blake2_common.h; sourceTree = "<group>"; };
		E3AAE9EE269B452D00E3A702 /* bip39.h */ = {isa = PBXFileReference; fileEncoding = 4; lastKnownFileType = sourcecode.c.h; path = bip39.h; sourceTree = "<group>"; };
		E3AAE9EF269B452D00E3A702 /* base58.c */ = {isa = PBXFileReference; fileEncoding = 4; lastKnownFileType = sourcecode.c.c; path = base58.c; sourceTree = "<group>"; };
		E3AAE9F1269B452D00E3A702 /* ecdsa.c */ = {isa = PBXFileReference; fileEncoding = 4; lastKnownFileType = sourcecode.c.c; path = ecdsa.c; sourceTree = "<group>"; };
		E3AAE9F2269B452D00E3A702 /* bip39.c */ = {isa = PBXFileReference; fileEncoding = 4; lastKnownFileType = sourcecode.c.c; path = bip39.c; sourceTree = "<group>"; };
		E3AAE9F3269B452D00E3A702 /* nem.h */ = {isa = PBXFileReference; fileEncoding = 4; lastKnownFileType = sourcecode.c.h; path = nem.h; sourceTree = "<group>"; };
		FA120132AFF3F96DC23A2F2D /* libPods-Web3Objc.a */ = {isa = PBXFileReference; explicitFileType = archive.ar; includeInIndex = 0; path = "libPods-Web3Objc.a"; sourceTree = BUILT_PRODUCTS_DIR; };
/* End PBXFileReference section */

/* Begin PBXFrameworksBuildPhase section */
		6504A36E2462B75400CD20BB /* Frameworks */ = {
			isa = PBXFrameworksBuildPhase;
			buildActionMask = 2147483647;
			files = (
				E3C5572C2A09013A0044477A /* WalletCore in Frameworks */,
				2CF8217B350324FCF0D9B43F /* libPods-Web3Objc.a in Frameworks */,
				E3C5572A2A09013A0044477A /* SwiftProtobuf in Frameworks */,
			);
			runOnlyForDeploymentPostprocessing = 0;
		};
/* End PBXFrameworksBuildPhase section */

/* Begin PBXGroup section */
		2EFDE0DB83D65149E96A34E1 /* Pods */ = {
			isa = PBXGroup;
			children = (
				D1CBF372FC1AAAEA8FC877F0 /* Pods-Web3Objc.debug.xcconfig */,
				A98BF9BFF7BEBE031F615939 /* Pods-Web3Objc.release.xcconfig */,
			);
			name = Pods;
			sourceTree = "<group>";
		};
		56616F229CC44971D9933B01 /* Frameworks */ = {
			isa = PBXGroup;
			children = (
				FA120132AFF3F96DC23A2F2D /* libPods-Web3Objc.a */,
			);
			name = Frameworks;
			sourceTree = "<group>";
		};
		6504A3682462B75400CD20BB = {
			isa = PBXGroup;
			children = (
				6504A3732462B75400CD20BB /* Web3Objc */,
				6504A3722462B75400CD20BB /* Products */,
				2EFDE0DB83D65149E96A34E1 /* Pods */,
				56616F229CC44971D9933B01 /* Frameworks */,
			);
			sourceTree = "<group>";
		};
		6504A3722462B75400CD20BB /* Products */ = {
			isa = PBXGroup;
			children = (
				6504A3712462B75400CD20BB /* Web3Objc.app */,
			);
			name = Products;
			sourceTree = "<group>";
		};
		6504A3732462B75400CD20BB /* Web3Objc */ = {
			isa = PBXGroup;
			children = (
				E3818DB128409E1300CBD9E9 /* GMEllipticCurveCrypto.h */,
				E3818DB328409E1300CBD9E9 /* GMEllipticCurveCrypto.m */,
				E3818DB028409E1200CBD9E9 /* GMEllipticCurveCrypto+hash.h */,
				E3818DB228409E1300CBD9E9 /* GMEllipticCurveCrypto+hash.m */,
				E3AAE925269B035900E3A702 /* SwiftClass.swift */,
				E3AAE924269B035900E3A702 /* Web3Objc-Bridging-Header.h */,
				E33A278E2604A9C6004CBE35 /* NerveTools */,
				E3407E2D26034DB1001D5BCB /* ThirdParty */,
				E3407E6426034DB1001D5BCB /* utils */,
				6542BF3724B2DC14000520CF /* CVBTCLib */,
				6504A4A02463A4FA00CD20BB /* Web3 */,
				6504A4E92463AB6F00CD20BB /* CVETHLib */,
				6504A4A32463A72D00CD20BB /* NSClasses */,
				6504A38D2462B79500CD20BB /* Dependency */,
				6504A3742462B75400CD20BB /* AppDelegate.h */,
				6504A3752462B75400CD20BB /* AppDelegate.m */,
				6504A3772462B75400CD20BB /* SceneDelegate.h */,
				6504A3782462B75400CD20BB /* SceneDelegate.m */,
				6504A37A2462B75400CD20BB /* ViewController.h */,
				6504A37B2462B75400CD20BB /* ViewController.m */,
				6504A37D2462B75400CD20BB /* Main.storyboard */,
				6504A3802462B75700CD20BB /* Assets.xcassets */,
				6504A3822462B75700CD20BB /* LaunchScreen.storyboard */,
				6504A3852462B75700CD20BB /* Info.plist */,
				6504A3862462B75700CD20BB /* main.m */,
				E3AAE922269B027600E3A702 /* File2.swift */,
			);
			path = Web3Objc;
			sourceTree = "<group>";
		};
		6504A38D2462B79500CD20BB /* Dependency */ = {
			isa = PBXGroup;
			children = (
				6504A38E2463A4F100CD20BB /* Reachability */,
				6504A4192463A4F100CD20BB /* SBJSON */,
				6504A40F2463A4F100CD20BB /* scrypt-1.1.6 */,
				6504A4162463A4F100CD20BB /* SSKeychain */,
			);
			path = Dependency;
			sourceTree = "<group>";
		};
		6504A38E2463A4F100CD20BB /* Reachability */ = {
			isa = PBXGroup;
			children = (
				6504A38F2463A4F100CD20BB /* Reachability.m */,
				6504A3902463A4F100CD20BB /* Reachability.h */,
			);
			path = Reachability;
			sourceTree = "<group>";
		};
		6504A40F2463A4F100CD20BB /* scrypt-1.1.6 */ = {
			isa = PBXGroup;
			children = (
				6504A4102463A4F100CD20BB /* ccMemory.h */,
				6504A4112463A4F100CD20BB /* scrypt_sha256.h */,
				6504A4122463A4F100CD20BB /* crypto_scrypt.h */,
				6504A4132463A4F100CD20BB /* sysendian.h */,
				6504A4142463A4F100CD20BB /* scrypt_sha256.c */,
				6504A4152463A4F100CD20BB /* crypto_scrypt-nosse.c */,
			);
			path = "scrypt-1.1.6";
			sourceTree = "<group>";
		};
		6504A4162463A4F100CD20BB /* SSKeychain */ = {
			isa = PBXGroup;
			children = (
				6504A4172463A4F100CD20BB /* SSKeychain.h */,
				6504A4182463A4F100CD20BB /* SSKeychain.m */,
			);
			path = SSKeychain;
			sourceTree = "<group>";
		};
		6504A4192463A4F100CD20BB /* SBJSON */ = {
			isa = PBXGroup;
			children = (
				6504A41A2463A4F100CD20BB /* SBJsonBase.h */,
				6504A41B2463A4F100CD20BB /* SBJsonWriter.h */,
				6504A41C2463A4F100CD20BB /* SBJsonParser.m */,
				6504A41D2463A4F100CD20BB /* SBJSON.m */,
				6504A41E2463A4F100CD20BB /* SBJsonBase.m */,
				6504A41F2463A4F100CD20BB /* SBJsonWriter.m */,
				6504A4202463A4F100CD20BB /* SBJsonParser.h */,
				6504A4212463A4F100CD20BB /* SBJSON.h */,
			);
			path = SBJSON;
			sourceTree = "<group>";
		};
		6504A4A02463A4FA00CD20BB /* Web3 */ = {
			isa = PBXGroup;
			children = (
				658ACDB6246B82F900769DFA /* Crypto */,
				6504A4A12463A4FA00CD20BB /* Utils */,
				6504A4A22463A4FA00CD20BB /* Eth */,
				65891FBE2463ED3F00E11F7E /* PKWeb3Objc.h */,
				65891FBF2463ED3F00E11F7E /* PKWeb3Objc.m */,
			);
			path = Web3;
			sourceTree = "<group>";
		};
		6504A4A12463A4FA00CD20BB /* Utils */ = {
			isa = PBXGroup;
			children = (
				65891FC42463EDA800E11F7E /* PKWeb3Utils.h */,
				65891FC52463EDA800E11F7E /* PKWeb3Utils.m */,
			);
			path = Utils;
			sourceTree = "<group>";
		};
		6504A4A22463A4FA00CD20BB /* Eth */ = {
			isa = PBXGroup;
			children = (
				65891FC82463F62B00E11F7E /* Accounts */,
				65891FC72463F62100E11F7E /* Contract */,
				65891FC12463ED9D00E11F7E /* PKWeb3Eth.h */,
				65891FC22463ED9D00E11F7E /* PKWeb3Eth.m */,
			);
			path = Eth;
			sourceTree = "<group>";
		};
		6504A4A32463A72D00CD20BB /* NSClasses */ = {
			isa = PBXGroup;
			children = (
				6504A4DB2463AADC00CD20BB /* NSData */,
				6504A4E02463AADC00CD20BB /* NSDecimalNumber */,
				6504A4D22463AADC00CD20BB /* NSMutableData */,
				6504A4D52463AADC00CD20BB /* NSObject */,
				6504A4D82463AADC00CD20BB /* NSString */,
			);
			path = NSClasses;
			sourceTree = "<group>";
		};
		6504A4D22463AADC00CD20BB /* NSMutableData */ = {
			isa = PBXGroup;
			children = (
				6504A4D42463AADC00CD20BB /* NSMutableData+CVETH.h */,
				6504A4D32463AADC00CD20BB /* NSMutableData+CVETH.m */,
			);
			path = NSMutableData;
			sourceTree = "<group>";
		};
		6504A4D52463AADC00CD20BB /* NSObject */ = {
			isa = PBXGroup;
			children = (
				6504A4D62463AADC00CD20BB /* NSObject+CVETH.h */,
				6504A4D72463AADC00CD20BB /* NSObject+CVETH.m */,
			);
			path = NSObject;
			sourceTree = "<group>";
		};
		6504A4D82463AADC00CD20BB /* NSString */ = {
			isa = PBXGroup;
			children = (
				6504A4DA2463AADC00CD20BB /* NSString+CVETH.h */,
				6504A4D92463AADC00CD20BB /* NSString+CVETH.m */,
			);
			path = NSString;
			sourceTree = "<group>";
		};
		6504A4DB2463AADC00CD20BB /* NSData */ = {
			isa = PBXGroup;
			children = (
				6504A4DF2463AADC00CD20BB /* NSData+SECP256K1.h */,
				6504A4DC2463AADC00CD20BB /* NSData+SECP256K1.m */,
				6504A4DD2463AADC00CD20BB /* NSData+CVETH.h */,
				6504A4DE2463AADC00CD20BB /* NSData+CVETH.m */,
			);
			path = NSData;
			sourceTree = "<group>";
		};
		6504A4E02463AADC00CD20BB /* NSDecimalNumber */ = {
			isa = PBXGroup;
			children = (
				6504A4E12463AADC00CD20BB /* NSDecimalNumber+MOD.h */,
				6504A4E22463AADC00CD20BB /* NSDecimalNumber+MOD.m */,
			);
			path = NSDecimalNumber;
			sourceTree = "<group>";
		};
		6504A4E92463AB6F00CD20BB /* CVETHLib */ = {
			isa = PBXGroup;
			children = (
				6504A4EA2463AB6F00CD20BB /* Transaction */,
				6504A4ED2463AB6F00CD20BB /* JsonRPC */,
				6504A4F12463AB6F00CD20BB /* ABI */,
				6504A4F42463AB6F00CD20BB /* Wallet */,
				6504A4F92463AB6F00CD20BB /* WebApi */,
				6504A4FC2463AB6F00CD20BB /* CVETH.h */,
				6504A4F02463AB6F00CD20BB /* CVETH.m */,
			);
			path = CVETHLib;
			sourceTree = "<group>";
		};
		6504A4EA2463AB6F00CD20BB /* Transaction */ = {
			isa = PBXGroup;
			children = (
				6504A4EB2463AB6F00CD20BB /* CVETHTransaction.h */,
				6504A4EC2463AB6F00CD20BB /* CVETHTransaction.m */,
			);
			path = Transaction;
			sourceTree = "<group>";
		};
		6504A4ED2463AB6F00CD20BB /* JsonRPC */ = {
			isa = PBXGroup;
			children = (
				6504A4EE2463AB6F00CD20BB /* CVETHJsonRPC.h */,
				6504A4EF2463AB6F00CD20BB /* CVETHJsonRPC.m */,
			);
			path = JsonRPC;
			sourceTree = "<group>";
		};
		6504A4F12463AB6F00CD20BB /* ABI */ = {
			isa = PBXGroup;
			children = (
				6504A4F22463AB6F00CD20BB /* CVETHABIArgument.h */,
				6504A4F32463AB6F00CD20BB /* CVETHABIArgument.m */,
			);
			path = ABI;
			sourceTree = "<group>";
		};
		6504A4F42463AB6F00CD20BB /* Wallet */ = {
			isa = PBXGroup;
			children = (
				6504A4F72463AB6F00CD20BB /* CVETHWallet.h */,
				6504A4F52463AB6F00CD20BB /* CVETHWallet.m */,
			);
			path = Wallet;
			sourceTree = "<group>";
		};
		6504A4F92463AB6F00CD20BB /* WebApi */ = {
			isa = PBXGroup;
			children = (
				6504A4FA2463AB6F00CD20BB /* CVWebAPI.h */,
				6504A4FB2463AB6F00CD20BB /* CVWebAPI.m */,
			);
			path = WebApi;
			sourceTree = "<group>";
		};
		6542BF3724B2DC14000520CF /* CVBTCLib */ = {
			isa = PBXGroup;
			children = (
				6542BF3824B2DC2D000520CF /* Wallet */,
			);
			path = CVBTCLib;
			sourceTree = "<group>";
		};
		6542BF3824B2DC2D000520CF /* Wallet */ = {
			isa = PBXGroup;
			children = (
				6542BF3924B2DC41000520CF /* CVBTCWallet.h */,
				6542BF3A24B2DC41000520CF /* CVBTCWallet.m */,
			);
			path = Wallet;
			sourceTree = "<group>";
		};
		65891FC72463F62100E11F7E /* Contract */ = {
			isa = PBXGroup;
			children = (
				65891FC92463F65B00E11F7E /* PKWeb3EthContract.h */,
				65891FCA2463F65B00E11F7E /* PKWeb3EthContract.m */,
			);
			path = Contract;
			sourceTree = "<group>";
		};
		65891FC82463F62B00E11F7E /* Accounts */ = {
			isa = PBXGroup;
			children = (
				65891FCC2463F66900E11F7E /* PKWeb3EthAccounts.h */,
				65891FCD2463F66900E11F7E /* PKWeb3EthAccounts.m */,
			);
			path = Accounts;
			sourceTree = "<group>";
		};
		658ACDB6246B82F900769DFA /* Crypto */ = {
			isa = PBXGroup;
			children = (
				658ACDB7246B860300769DFA /* PKWeb3Crypto.h */,
				658ACDB8246B860300769DFA /* PKWeb3Crypto.m */,
			);
			path = Crypto;
			sourceTree = "<group>";
		};
		E322189E270442750036214D /* rlp */ = {
			isa = PBXGroup;
			children = (
				E32218A1270442940036214D /* NSData+RLP.h */,
				E32218A2270442940036214D /* NSData+RLP.m */,
				E322189F270442940036214D /* rlp.h */,
				E32218A0270442940036214D /* rlp.m */,
			);
			path = rlp;
			sourceTree = "<group>";
		};
		E33A278E2604A9C6004CBE35 /* NerveTools */ = {
			isa = PBXGroup;
			children = (
				E33A278F2604AA8D004CBE35 /* NerveTools.h */,
				E33A27902604AAB9004CBE35 /* NerveTools.m */,
			);
			path = NerveTools;
			sourceTree = "<group>";
		};
		E3407E2D26034DB1001D5BCB /* ThirdParty */ = {
			isa = PBXGroup;
			children = (
				E322189E270442750036214D /* rlp */,
				E3407E2E26034DB1001D5BCB /* trezor-crypto */,
				E3407E5626034DB1001D5BCB /* libtommath-1.0 */,
			);
			path = ThirdParty;
			sourceTree = "<group>";
		};
		E3407E2E26034DB1001D5BCB /* trezor-crypto */ = {
			isa = PBXGroup;
			children = (
				E3AAE9EC269B452D00E3A702 /* address.c */,
				E3AAE9AE269B452A00E3A702 /* address.h */,
				E3AAE9A3269B452A00E3A702 /* aes */,
				E3AAE969269B452800E3A702 /* AUTHORS */,
				E3AAE96A269B452800E3A702 /* base32.c */,
				E3AAE968269B452800E3A702 /* base32.h */,
				E3AAE9EF269B452D00E3A702 /* base58.c */,
				E3AAE9DF269B452C00E3A702 /* base58.h */,
				E3AAE9DC269B452C00E3A702 /* bignum.c */,
				E3AAE9D5269B452B00E3A702 /* bignum.h */,
				E3AAE9D2269B452B00E3A702 /* bip32.c */,
				E3AAE9E9269B452D00E3A702 /* bip32.h */,
				E3AAE99C269B452A00E3A702 /* bip39_english.h */,
				E3AAE9F2269B452D00E3A702 /* bip39.c */,
				E3AAE9EE269B452D00E3A702 /* bip39.h */,
				E3AAE9ED269B452D00E3A702 /* blake2_common.h */,
				E3AAE9D6269B452B00E3A702 /* blake2b.c */,
				E3AAE9D4269B452B00E3A702 /* blake2b.h */,
				E3AAE9AD269B452A00E3A702 /* blake2s.c */,
				E3AAE96C269B452800E3A702 /* blake2s.h */,
				E3AAE9AF269B452B00E3A702 /* blake256.c */,
				E3AAE9DA269B452C00E3A702 /* blake256.h */,
				E3AAE9EB269B452D00E3A702 /* cash_addr.c */,
				E3AAE997269B452A00E3A702 /* cash_addr.h */,
				E3AAE9D1269B452B00E3A702 /* chacha_drbg.c */,
				E3AAE99B269B452A00E3A702 /* chacha_drbg.h */,
				E3AAE96E269B452800E3A702 /* chacha20poly1305 */,
				E3AAE996269B452900E3A702 /* check_mem.h */,
				E3AAE96B269B452800E3A702 /* curves.c */,
				E3AAE9E0269B452C00E3A702 /* curves.h */,
				E3AAE9F1269B452D00E3A702 /* ecdsa.c */,
				E3AAE98E269B452900E3A702 /* ecdsa.h */,
				E3AAE9B5269B452B00E3A702 /* ed25519-donna */,
				E3AAE994269B452900E3A702 /* groestl_internal.h */,
				E3AAE9E1269B452C00E3A702 /* groestl.c */,
				E3AAE9E4269B452C00E3A702 /* groestl.h */,
				E3AAE9E8269B452D00E3A702 /* hasher.c */,
				E3AAE9E7269B452D00E3A702 /* hasher.h */,
				E3AAE967269B452800E3A702 /* hmac_drbg.c */,
				E3AAE995269B452900E3A702 /* hmac_drbg.h */,
				E3AAE9DE269B452C00E3A702 /* hmac.c */,
				E3AAE9D3269B452B00E3A702 /* hmac.h */,
				E3AAE97C269B452900E3A702 /* memzero.c */,
				E3AAE99F269B452A00E3A702 /* memzero.h */,
				E3AAE9D7269B452C00E3A702 /* nem.c */,
				E3AAE9F3269B452D00E3A702 /* nem.h */,
				E3AAE96D269B452800E3A702 /* nist256p1.c */,
				E3AAE998269B452A00E3A702 /* nist256p1.h */,
				E3AAE9E5269B452C00E3A702 /* nist256p1.table */,
				E3AAE99D269B452A00E3A702 /* options.h */,
				E3AAE9DB269B452C00E3A702 /* pbkdf2.c */,
				E3AAE98B269B452900E3A702 /* pbkdf2.h */,
				E3AAE991269B452900E3A702 /* rand.c */,
				E3AAE98F269B452900E3A702 /* rand.h */,
				E3AAE988269B452900E3A702 /* rc4.c */,
				E3AAE989269B452900E3A702 /* rc4.h */,
				E3AAE9D8269B452C00E3A702 /* rfc6979.c */,
				E3AAE9A2269B452A00E3A702 /* rfc6979.h */,
				E3AAE9B2269B452B00E3A702 /* ripemd160.c */,
				E3AAE9DD269B452C00E3A702 /* ripemd160.h */,
				E3AAE9D9269B452C00E3A702 /* script.c */,
				E3AAE9EA269B452D00E3A702 /* script.h */,
				E3AAE966269B452800E3A702 /* secp256k1.c */,
				E3AAE9B3269B452B00E3A702 /* secp256k1.h */,
				E3AAE98C269B452900E3A702 /* secp256k1.table */,
				E3AAE993269B452900E3A702 /* segwit_addr.c */,
				E3AAE9E2269B452C00E3A702 /* segwit_addr.h */,
				E3AAE99E269B452A00E3A702 /* sha2.c */,
				E3AAE98A269B452900E3A702 /* sha2.h */,
				E3AAE990269B452900E3A702 /* sha3.c */,
				E3AAE9A1269B452A00E3A702 /* sha3.h */,
				E3AAE992269B452900E3A702 /* shamir.c */,
				E3AAE999269B452A00E3A702 /* shamir.h */,
				E3AAE99A269B452A00E3A702 /* slip39_wordlist.h */,
				E3AAE9E6269B452C00E3A702 /* slip39.c */,
				E3AAE9E3269B452C00E3A702 /* slip39.h */,
				E3AAE965269B446F00E3A702 /* TrezorCrypto.h */,
			);
			path = "trezor-crypto";
			sourceTree = "<group>";
		};
		E3407E5626034DB1001D5BCB /* libtommath-1.0 */ = {
			isa = PBXGroup;
			children = (
				E3407E5726034DB1001D5BCB /* tommath_private.h */,
				E3407E5826034DB1001D5BCB /* tommath_class.h */,
				E3407E5926034DB1001D5BCB /* tommath_superclass.h */,
				E3407E5A26034DB1001D5BCB /* tommath.h */,
				E3407E5B26034DB1001D5BCB /* mpi.c */,
			);
			path = "libtommath-1.0";
			sourceTree = "<group>";
		};
		E3407E6426034DB1001D5BCB /* utils */ = {
			isa = PBXGroup;
			children = (
				E3407E8326034E09001D5BCB /* SecureData.h */,
				E3407E8226034E09001D5BCB /* SecureData.m */,
				E3407E6526034DB1001D5BCB /* BigNumber.m */,
				E3407E6626034DB1001D5BCB /* RegEx.h */,
				E3407E6726034DB1001D5BCB /* BigNumber.h */,
				E3407E6826034DB1001D5BCB /* RegEx.m */,
			);
			path = utils;
			sourceTree = "<group>";
		};
		E3AAE96E269B452800E3A702 /* chacha20poly1305 */ = {
			isa = PBXGroup;
			children = (
				E3AAE96F269B452800E3A702 /* chacha_merged.c */,
				E3AAE970269B452800E3A702 /* ecrypt-types.h */,
				E3AAE971269B452800E3A702 /* rfc7539.h */,
				E3AAE972269B452800E3A702 /* poly1305-donna.h */,
				E3AAE973269B452800E3A702 /* chacha20poly1305.h */,
				E3AAE974269B452800E3A702 /* ecrypt-portable.h */,
				E3AAE975269B452800E3A702 /* rfc7539.c */,
				E3AAE976269B452800E3A702 /* ecrypt-config.h */,
				E3AAE977269B452900E3A702 /* ecrypt-machine.h */,
				E3AAE978269B452900E3A702 /* ecrypt-sync.h */,
				E3AAE979269B452900E3A702 /* poly1305-donna.c */,
				E3AAE97A269B452900E3A702 /* chacha20poly1305.c */,
				E3AAE97B269B452900E3A702 /* poly1305-donna-32.h */,
			);
			path = chacha20poly1305;
			sourceTree = "<group>";
		};
		E3AAE9A3269B452A00E3A702 /* aes */ = {
			isa = PBXGroup;
			children = (
				E3AAE9A4269B452A00E3A702 /* aeskey.c */,
				E3AAE9A5269B452A00E3A702 /* aestab.h */,
				E3AAE9A6269B452A00E3A702 /* aescrypt.c */,
				E3AAE9A7269B452A00E3A702 /* aesopt.h */,
				E3AAE9A8269B452A00E3A702 /* aestst.h */,
				E3AAE9A9269B452A00E3A702 /* aes_modes.c */,
				E3AAE9AA269B452A00E3A702 /* aes.h */,
				E3AAE9AB269B452A00E3A702 /* aestab.c */,
				E3AAE9AC269B452A00E3A702 /* aestst.c */,
			);
			path = aes;
			sourceTree = "<group>";
		};
		E3AAE9B5269B452B00E3A702 /* ed25519-donna */ = {
			isa = PBXGroup;
			children = (
				E3AAE9B6269B452B00E3A702 /* curve25519-donna-scalarmult-base.c */,
				E3AAE9B7269B452B00E3A702 /* ed25519-donna-basepoint-table.h */,
				E3AAE9B8269B452B00E3A702 /* ed25519-donna-32bit-tables.c */,
				E3AAE9B9269B452B00E3A702 /* modm-donna-32bit.h */,
				E3AAE9BA269B452B00E3A702 /* ed25519.c */,
				E3AAE9BB269B452B00E3A702 /* ed25519-donna.h */,
				E3AAE9BC269B452B00E3A702 /* curve25519-donna-helpers.c */,
				E3AAE9BD269B452B00E3A702 /* ed25519-keccak.c */,
				E3AAE9BE269B452B00E3A702 /* ed25519-hash-custom.h */,
				E3AAE9BF269B452B00E3A702 /* curve25519-donna-32bit.h */,
				E3AAE9C0269B452B00E3A702 /* ed25519-sha3.c */,
				E3AAE9C1269B452B00E3A702 /* ed25519-donna-impl-base.h */,
				E3AAE9C2269B452B00E3A702 /* ed25519-donna-portable.h */,
				E3AAE9C4269B452B00E3A702 /* ed25519-donna-32bit-tables.h */,
				E3AAE9C5269B452B00E3A702 /* ed25519-donna-basepoint-table.c */,
				E3AAE9C6269B452B00E3A702 /* curve25519-donna-scalarmult-base.h */,
				E3AAE9C7269B452B00E3A702 /* ed25519-hash-custom-keccak.h */,
				E3AAE9C8269B452B00E3A702 /* ed25519-keccak.h */,
				E3AAE9C9269B452B00E3A702 /* modm-donna-32bit.c */,
				E3AAE9CA269B452B00E3A702 /* curve25519-donna-helpers.h */,
				E3AAE9CB269B452B00E3A702 /* ed25519.h */,
				E3AAE9CC269B452B00E3A702 /* curve25519-donna-32bit.c */,
				E3AAE9CD269B452B00E3A702 /* ed25519-hash-custom-sha3.h */,
				E3AAE9CE269B452B00E3A702 /* ed25519-donna-impl-base.c */,
				E3AAE9CF269B452B00E3A702 /* ed25519-sha3.h */,
			);
			path = "ed25519-donna";
			sourceTree = "<group>";
		};
/* End PBXGroup section */

/* Begin PBXNativeTarget section */
		6504A3702462B75400CD20BB /* Web3Objc */ = {
			isa = PBXNativeTarget;
			buildConfigurationList = 6504A38A2462B75700CD20BB /* Build configuration list for PBXNativeTarget "Web3Objc" */;
			buildPhases = (
				82EC1E7DD8C445F72BF8591D /* [CP] Check Pods Manifest.lock */,
				6504A36D2462B75400CD20BB /* Sources */,
				6504A36E2462B75400CD20BB /* Frameworks */,
				6504A36F2462B75400CD20BB /* Resources */,
			);
			buildRules = (
			);
			dependencies = (
			);
			name = Web3Objc;
			packageProductDependencies = (
				E3C557292A09013A0044477A /* SwiftProtobuf */,
				E3C5572B2A09013A0044477A /* WalletCore */,
			);
			productName = Web3Objc;
			productReference = 6504A3712462B75400CD20BB /* Web3Objc.app */;
			productType = "com.apple.product-type.application";
		};
/* End PBXNativeTarget section */

/* Begin PBXProject section */
		6504A3692462B75400CD20BB /* Project object */ = {
			isa = PBXProject;
			attributes = {
				LastUpgradeCheck = 1120;
				ORGANIZATIONNAME = coin;
				TargetAttributes = {
					6504A3702462B75400CD20BB = {
						CreatedOnToolsVersion = 11.2.1;
						LastSwiftMigration = 1130;
					};
				};
			};
			buildConfigurationList = 6504A36C2462B75400CD20BB /* Build configuration list for PBXProject "Web3Objc" */;
			compatibilityVersion = "Xcode 9.3";
			developmentRegion = en;
			hasScannedForEncodings = 0;
			knownRegions = (
				en,
				Base,
			);
			mainGroup = 6504A3682462B75400CD20BB;
			packageReferences = (
				E3C557282A09013A0044477A /* XCRemoteSwiftPackageReference "wallet-core" */,
			);
			productRefGroup = 6504A3722462B75400CD20BB /* Products */;
			projectDirPath = "";
			projectRoot = "";
			targets = (
				6504A3702462B75400CD20BB /* Web3Objc */,
			);
		};
/* End PBXProject section */

/* Begin PBXResourcesBuildPhase section */
		6504A36F2462B75400CD20BB /* Resources */ = {
			isa = PBXResourcesBuildPhase;
			buildActionMask = 2147483647;
			files = (
				6504A3842462B75700CD20BB /* LaunchScreen.storyboard in Resources */,
				E3AAEA04269B452D00E3A702 /* secp256k1.table in Resources */,
				E3AAE9F6269B452D00E3A702 /* AUTHORS in Resources */,
				6504A3812462B75700CD20BB /* Assets.xcassets in Resources */,
				E3AAEA2C269B452D00E3A702 /* nist256p1.table in Resources */,
				6504A37F2462B75400CD20BB /* Main.storyboard in Resources */,
			);
			runOnlyForDeploymentPostprocessing = 0;
		};
/* End PBXResourcesBuildPhase section */

/* Begin PBXShellScriptBuildPhase section */
		82EC1E7DD8C445F72BF8591D /* [CP] Check Pods Manifest.lock */ = {
			isa = PBXShellScriptBuildPhase;
			buildActionMask = 2147483647;
			files = (
			);
			inputFileListPaths = (
			);
			inputPaths = (
				"${PODS_PODFILE_DIR_PATH}/Podfile.lock",
				"${PODS_ROOT}/Manifest.lock",
			);
			name = "[CP] Check Pods Manifest.lock";
			outputFileListPaths = (
			);
			outputPaths = (
				"$(DERIVED_FILE_DIR)/Pods-Web3Objc-checkManifestLockResult.txt",
			);
			runOnlyForDeploymentPostprocessing = 0;
			shellPath = /bin/sh;
			shellScript = "diff \"${PODS_PODFILE_DIR_PATH}/Podfile.lock\" \"${PODS_ROOT}/Manifest.lock\" > /dev/null\nif [ $? != 0 ] ; then\n    # print error to STDERR\n    echo \"error: The sandbox is not in sync with the Podfile.lock. Run 'pod install' or update your CocoaPods installation.\" >&2\n    exit 1\nfi\n# This output is used by Xcode 'outputs' to avoid re-running this script phase.\necho \"SUCCESS\" > \"${SCRIPT_OUTPUT_FILE_0}\"\n";
			showEnvVarsInLog = 0;
		};
/* End PBXShellScriptBuildPhase section */

/* Begin PBXSourcesBuildPhase section */
		6504A36D2462B75400CD20BB /* Sources */ = {
			isa = PBXSourcesBuildPhase;
			buildActionMask = 2147483647;
			files = (
				E3AAE9F4269B452D00E3A702 /* secp256k1.c in Sources */,
				658ACDB9246B860300769DFA /* PKWeb3Crypto.m in Sources */,
				6504A4E82463AADC00CD20BB /* NSDecimalNumber+MOD.m in Sources */,
				E3AAEA2B269B452D00E3A702 /* groestl.c in Sources */,
				E3AAE9FB269B452D00E3A702 /* rfc7539.c in Sources */,
				E3407E8126034DB1001D5BCB /* RegEx.m in Sources */,
				E32218A3270442950036214D /* rlp.m in Sources */,
				6504A37C2462B75400CD20BB /* ViewController.m in Sources */,
				E3AAEA10269B452D00E3A702 /* blake2s.c in Sources */,
				6542BF3B24B2DC41000520CF /* CVBTCWallet.m in Sources */,
				6504A4982463A4F200CD20BB /* SBJSON.m in Sources */,
				E3AAEA03269B452D00E3A702 /* rc4.c in Sources */,
				6504A5012463AB6F00CD20BB /* CVETHWallet.m in Sources */,
				E3AAEA1A269B452D00E3A702 /* ed25519-keccak.c in Sources */,
				E3AAEA08269B452D00E3A702 /* shamir.c in Sources */,
				E3AAE9FA269B452D00E3A702 /* chacha_merged.c in Sources */,
				E3AAEA2A269B452D00E3A702 /* hmac.c in Sources */,
				6504A4E32463AADC00CD20BB /* NSMutableData+CVETH.m in Sources */,
				6504A3762462B75400CD20BB /* AppDelegate.m in Sources */,
				6504A4FD2463AB6F00CD20BB /* CVETHTransaction.m in Sources */,
				E3AAEA2E269B452D00E3A702 /* hasher.c in Sources */,
				E3AAEA19269B452D00E3A702 /* curve25519-donna-helpers.c in Sources */,
				6504A4962463A4F200CD20BB /* SSKeychain.m in Sources */,
				E3AAEA16269B452D00E3A702 /* curve25519-donna-scalarmult-base.c in Sources */,
				E3AAEA14269B452D00E3A702 /* ripemd160.c in Sources */,
				6504A4992463A4F200CD20BB /* SBJsonBase.m in Sources */,
				E3AAEA1E269B452D00E3A702 /* modm-donna-32bit.c in Sources */,
				6504A4E42463AADC00CD20BB /* NSObject+CVETH.m in Sources */,
				E3AAEA1D269B452D00E3A702 /* ed25519-donna-basepoint-table.c in Sources */,
				E3AAEA30269B452D00E3A702 /* address.c in Sources */,
				E3818DB428409E1300CBD9E9 /* GMEllipticCurveCrypto+hash.m in Sources */,
				E3AAEA09269B452D00E3A702 /* segwit_addr.c in Sources */,
				6504A4E62463AADC00CD20BB /* NSData+SECP256K1.m in Sources */,
				E3AAE9FC269B452D00E3A702 /* poly1305-donna.c in Sources */,
				E3AAE9F8269B452D00E3A702 /* curves.c in Sources */,
				E3AAEA25269B452D00E3A702 /* nem.c in Sources */,
				65891FCE2463F66900E11F7E /* PKWeb3EthAccounts.m in Sources */,
				65891FCB2463F65B00E11F7E /* PKWeb3EthContract.m in Sources */,
				E3AAE923269B027600E3A702 /* File2.swift in Sources */,
				65891FC02463ED3F00E11F7E /* PKWeb3Objc.m in Sources */,
				E3AAEA28269B452D00E3A702 /* pbkdf2.c in Sources */,
				E3AAEA20269B452D00E3A702 /* ed25519-donna-impl-base.c in Sources */,
				E3407E7B26034DB1001D5BCB /* mpi.c in Sources */,
				E3AAEA26269B452D00E3A702 /* rfc6979.c in Sources */,
				E3AAEA23269B452D00E3A702 /* bip32.c in Sources */,
				E3AAEA11269B452D00E3A702 /* blake256.c in Sources */,
				E3AAE9FE269B452D00E3A702 /* memzero.c in Sources */,
				6504A4FE2463AB6F00CD20BB /* CVETHJsonRPC.m in Sources */,
				E3AAEA1B269B452D00E3A702 /* ed25519-sha3.c in Sources */,
				6504A4972463A4F200CD20BB /* SBJsonParser.m in Sources */,
				E33A27912604AAB9004CBE35 /* NerveTools.m in Sources */,
				6504A3872462B75700CD20BB /* main.m in Sources */,
				E3AAEA31269B452D00E3A702 /* base58.c in Sources */,
				E3AAEA18269B452D00E3A702 /* ed25519.c in Sources */,
				6504A3792462B75400CD20BB /* SceneDelegate.m in Sources */,
				6504A5002463AB6F00CD20BB /* CVETHABIArgument.m in Sources */,
				E3407E8426034E09001D5BCB /* SecureData.m in Sources */,
				E3AAEA0B269B452D00E3A702 /* aeskey.c in Sources */,
				E3407E8026034DB1001D5BCB /* BigNumber.m in Sources */,
				E3AAEA1F269B452D00E3A702 /* curve25519-donna-32bit.c in Sources */,
				E3AAEA34269B452D00E3A702 /* bip39.c in Sources */,
				E3AAEA29269B452D00E3A702 /* bignum.c in Sources */,
				65891FC32463ED9D00E11F7E /* PKWeb3Eth.m in Sources */,
				6504A45E2463A4F200CD20BB /* Reachability.m in Sources */,
				E3AAEA06269B452D00E3A702 /* sha3.c in Sources */,
				6504A4FF2463AB6F00CD20BB /* CVETH.m in Sources */,
				E3AAEA0F269B452D00E3A702 /* aestst.c in Sources */,
				6504A4942463A4F200CD20BB /* scrypt_sha256.c in Sources */,
				E3AAEA2F269B452D00E3A702 /* cash_addr.c in Sources */,
				E3AAEA17269B452D00E3A702 /* ed25519-donna-32bit-tables.c in Sources */,
				E3818DB528409E1300CBD9E9 /* GMEllipticCurveCrypto.m in Sources */,
				E3AAEA07269B452D00E3A702 /* rand.c in Sources */,
				E3AAE9F7269B452D00E3A702 /* base32.c in Sources */,
				6504A4E72463AADC00CD20BB /* NSData+CVETH.m in Sources */,
				6504A4952463A4F200CD20BB /* crypto_scrypt-nosse.c in Sources */,
				E3AAEA27269B452D00E3A702 /* script.c in Sources */,
				6504A49A2463A4F200CD20BB /* SBJsonWriter.m in Sources */,
				E3AAEA22269B452D00E3A702 /* chacha_drbg.c in Sources */,
				E3AAEA2D269B452D00E3A702 /* slip39.c in Sources */,
				65891FC62463EDA800E11F7E /* PKWeb3Utils.m in Sources */,
				E3AAEA24269B452D00E3A702 /* blake2b.c in Sources */,
				E3AAE9FD269B452D00E3A702 /* chacha20poly1305.c in Sources */,
				E3AAE9F5269B452D00E3A702 /* hmac_drbg.c in Sources */,
				E3AAE9F9269B452D00E3A702 /* nist256p1.c in Sources */,
				E3AAEA0C269B452D00E3A702 /* aescrypt.c in Sources */,
				6504A5032463AB6F00CD20BB /* CVWebAPI.m in Sources */,
				E3AAEA0E269B452D00E3A702 /* aestab.c in Sources */,
				E3AAEA0A269B452D00E3A702 /* sha2.c in Sources */,
				E3AAE926269B035900E3A702 /* SwiftClass.swift in Sources */,
				E3AAEA0D269B452D00E3A702 /* aes_modes.c in Sources */,
				6504A4E52463AADC00CD20BB /* NSString+CVETH.m in Sources */,
				E3AAEA33269B452D00E3A702 /* ecdsa.c in Sources */,
				E32218A4270442950036214D /* NSData+RLP.m in Sources */,
			);
			runOnlyForDeploymentPostprocessing = 0;
		};
/* End PBXSourcesBuildPhase section */

/* Begin PBXVariantGroup section */
		6504A37D2462B75400CD20BB /* Main.storyboard */ = {
			isa = PBXVariantGroup;
			children = (
				6504A37E2462B75400CD20BB /* Base */,
			);
			name = Main.storyboard;
			sourceTree = "<group>";
		};
		6504A3822462B75700CD20BB /* LaunchScreen.storyboard */ = {
			isa = PBXVariantGroup;
			children = (
				6504A3832462B75700CD20BB /* Base */,
			);
			name = LaunchScreen.storyboard;
			sourceTree = "<group>";
		};
/* End PBXVariantGroup section */

/* Begin XCBuildConfiguration section */
		6504A3882462B75700CD20BB /* Debug */ = {
			isa = XCBuildConfiguration;
			buildSettings = {
				ALWAYS_SEARCH_USER_PATHS = NO;
				CLANG_ANALYZER_NONNULL = YES;
				CLANG_ANALYZER_NUMBER_OBJECT_CONVERSION = YES_AGGRESSIVE;
				CLANG_CXX_LANGUAGE_STANDARD = "gnu++14";
				CLANG_CXX_LIBRARY = "libc++";
				CLANG_ENABLE_MODULES = YES;
				CLANG_ENABLE_OBJC_ARC = YES;
				CLANG_ENABLE_OBJC_WEAK = YES;
				CLANG_WARN_BLOCK_CAPTURE_AUTORELEASING = YES;
				CLANG_WARN_BOOL_CONVERSION = YES;
				CLANG_WARN_COMMA = YES;
				CLANG_WARN_CONSTANT_CONVERSION = YES;
				CLANG_WARN_DEPRECATED_OBJC_IMPLEMENTATIONS = YES;
				CLANG_WARN_DIRECT_OBJC_ISA_USAGE = YES_ERROR;
				CLANG_WARN_DOCUMENTATION_COMMENTS = YES;
				CLANG_WARN_EMPTY_BODY = YES;
				CLANG_WARN_ENUM_CONVERSION = YES;
				CLANG_WARN_INFINITE_RECURSION = YES;
				CLANG_WARN_INT_CONVERSION = YES;
				CLANG_WARN_NON_LITERAL_NULL_CONVERSION = YES;
				CLANG_WARN_OBJC_IMPLICIT_RETAIN_SELF = YES;
				CLANG_WARN_OBJC_LITERAL_CONVERSION = YES;
				CLANG_WARN_OBJC_ROOT_CLASS = YES_ERROR;
				CLANG_WARN_RANGE_LOOP_ANALYSIS = YES;
				CLANG_WARN_STRICT_PROTOTYPES = YES;
				CLANG_WARN_SUSPICIOUS_MOVE = YES;
				CLANG_WARN_UNGUARDED_AVAILABILITY = YES_AGGRESSIVE;
				CLANG_WARN_UNREACHABLE_CODE = YES;
				CLANG_WARN__DUPLICATE_METHOD_MATCH = YES;
				COPY_PHASE_STRIP = NO;
				DEBUG_INFORMATION_FORMAT = dwarf;
				DEFINES_MODULE = NO;
				ENABLE_STRICT_OBJC_MSGSEND = YES;
				ENABLE_TESTABILITY = YES;
				GCC_C_LANGUAGE_STANDARD = gnu11;
				GCC_DYNAMIC_NO_PIC = NO;
				GCC_NO_COMMON_BLOCKS = YES;
				GCC_OPTIMIZATION_LEVEL = 0;
				GCC_PREPROCESSOR_DEFINITIONS = (
					"DEBUG=1",
					"$(inherited)",
				);
				GCC_WARN_64_TO_32_BIT_CONVERSION = YES;
				GCC_WARN_ABOUT_RETURN_TYPE = YES_ERROR;
				GCC_WARN_UNDECLARED_SELECTOR = YES;
				GCC_WARN_UNINITIALIZED_AUTOS = YES_AGGRESSIVE;
				GCC_WARN_UNUSED_FUNCTION = YES;
				GCC_WARN_UNUSED_VARIABLE = YES;
				IPHONEOS_DEPLOYMENT_TARGET = 13.2;
				MTL_ENABLE_DEBUG_INFO = INCLUDE_SOURCE;
				MTL_FAST_MATH = YES;
				ONLY_ACTIVE_ARCH = YES;
				SDKROOT = iphoneos;
			};
			name = Debug;
		};
		6504A3892462B75700CD20BB /* Release */ = {
			isa = XCBuildConfiguration;
			buildSettings = {
				ALWAYS_SEARCH_USER_PATHS = NO;
				CLANG_ANALYZER_NONNULL = YES;
				CLANG_ANALYZER_NUMBER_OBJECT_CONVERSION = YES_AGGRESSIVE;
				CLANG_CXX_LANGUAGE_STANDARD = "gnu++14";
				CLANG_CXX_LIBRARY = "libc++";
				CLANG_ENABLE_MODULES = YES;
				CLANG_ENABLE_OBJC_ARC = YES;
				CLANG_ENABLE_OBJC_WEAK = YES;
				CLANG_WARN_BLOCK_CAPTURE_AUTORELEASING = YES;
				CLANG_WARN_BOOL_CONVERSION = YES;
				CLANG_WARN_COMMA = YES;
				CLANG_WARN_CONSTANT_CONVERSION = YES;
				CLANG_WARN_DEPRECATED_OBJC_IMPLEMENTATIONS = YES;
				CLANG_WARN_DIRECT_OBJC_ISA_USAGE = YES_ERROR;
				CLANG_WARN_DOCUMENTATION_COMMENTS = YES;
				CLANG_WARN_EMPTY_BODY = YES;
				CLANG_WARN_ENUM_CONVERSION = YES;
				CLANG_WARN_INFINITE_RECURSION = YES;
				CLANG_WARN_INT_CONVERSION = YES;
				CLANG_WARN_NON_LITERAL_NULL_CONVERSION = YES;
				CLANG_WARN_OBJC_IMPLICIT_RETAIN_SELF = YES;
				CLANG_WARN_OBJC_LITERAL_CONVERSION = YES;
				CLANG_WARN_OBJC_ROOT_CLASS = YES_ERROR;
				CLANG_WARN_RANGE_LOOP_ANALYSIS = YES;
				CLANG_WARN_STRICT_PROTOTYPES = YES;
				CLANG_WARN_SUSPICIOUS_MOVE = YES;
				CLANG_WARN_UNGUARDED_AVAILABILITY = YES_AGGRESSIVE;
				CLANG_WARN_UNREACHABLE_CODE = YES;
				CLANG_WARN__DUPLICATE_METHOD_MATCH = YES;
				COPY_PHASE_STRIP = NO;
				DEBUG_INFORMATION_FORMAT = "dwarf-with-dsym";
				DEFINES_MODULE = NO;
				ENABLE_NS_ASSERTIONS = NO;
				ENABLE_STRICT_OBJC_MSGSEND = YES;
				GCC_C_LANGUAGE_STANDARD = gnu11;
				GCC_NO_COMMON_BLOCKS = YES;
				GCC_WARN_64_TO_32_BIT_CONVERSION = YES;
				GCC_WARN_ABOUT_RETURN_TYPE = YES_ERROR;
				GCC_WARN_UNDECLARED_SELECTOR = YES;
				GCC_WARN_UNINITIALIZED_AUTOS = YES_AGGRESSIVE;
				GCC_WARN_UNUSED_FUNCTION = YES;
				GCC_WARN_UNUSED_VARIABLE = YES;
				IPHONEOS_DEPLOYMENT_TARGET = 13.2;
				MTL_ENABLE_DEBUG_INFO = NO;
				MTL_FAST_MATH = YES;
				SDKROOT = iphoneos;
				VALIDATE_PRODUCT = YES;
			};
			name = Release;
		};
		6504A38B2462B75700CD20BB /* Debug */ = {
			isa = XCBuildConfiguration;
			baseConfigurationReference = D1CBF372FC1AAAEA8FC877F0 /* Pods-Web3Objc.debug.xcconfig */;
			buildSettings = {
				ASSETCATALOG_COMPILER_APPICON_NAME = AppIcon;
				CLANG_ENABLE_MODULES = YES;
				CODE_SIGN_STYLE = Automatic;
				DEFINES_MODULE = NO;
				DEVELOPMENT_TEAM = 8YU7NGKV3K;
				EXCLUDED_ARCHS = "EXCLUDED_ARCHS__EFFECTIVE_PLATFORM_SUFFIX_simulator__NATIVE_ARCH_64_BIT_x86_64=arm64 arm64e armv7 armv7s armv6 armv8 EXCLUDED_ARCHS=$(inherited) $(EXCLUDED_ARCHS__EFFECTIVE_PLATFORM_SUFFIX_$(EFFECTIVE_PLATFORM_SUFFIX)__NATIVE_ARCH_64_BIT_$(NATIVE_ARCH_64_BIT))";
				INFOPLIST_FILE = Web3Objc/Info.plist;
				LD_RUNPATH_SEARCH_PATHS = (
					"$(inherited)",
					"@executable_path/Frameworks",
				);
				PRODUCT_BUNDLE_IDENTIFIER = kr.coinvest.Web3Objc;
				PRODUCT_NAME = "$(TARGET_NAME)";
				SWIFT_OBJC_BRIDGING_HEADER = "Web3Objc/Web3Objc-Bridging-Header.h";
				SWIFT_OPTIMIZATION_LEVEL = "-Onone";
				SWIFT_VERSION = 5.0;
				TARGETED_DEVICE_FAMILY = "1,2";
			};
			name = Debug;
		};
		6504A38C2462B75700CD20BB /* Release */ = {
			isa = XCBuildConfiguration;
			baseConfigurationReference = A98BF9BFF7BEBE031F615939 /* Pods-Web3Objc.release.xcconfig */;
			buildSettings = {
				ASSETCATALOG_COMPILER_APPICON_NAME = AppIcon;
				CLANG_ENABLE_MODULES = YES;
				CODE_SIGN_STYLE = Automatic;
				DEFINES_MODULE = NO;
				DEVELOPMENT_TEAM = 8YU7NGKV3K;
				EXCLUDED_ARCHS = "EXCLUDED_ARCHS__EFFECTIVE_PLATFORM_SUFFIX_simulator__NATIVE_ARCH_64_BIT_x86_64=arm64 arm64e armv7 armv7s armv6 armv8 EXCLUDED_ARCHS=$(inherited) $(EXCLUDED_ARCHS__EFFECTIVE_PLATFORM_SUFFIX_$(EFFECTIVE_PLATFORM_SUFFIX)__NATIVE_ARCH_64_BIT_$(NATIVE_ARCH_64_BIT))";
				INFOPLIST_FILE = Web3Objc/Info.plist;
				LD_RUNPATH_SEARCH_PATHS = (
					"$(inherited)",
					"@executable_path/Frameworks",
				);
				PRODUCT_BUNDLE_IDENTIFIER = kr.coinvest.Web3Objc;
				PRODUCT_NAME = "$(TARGET_NAME)";
				SWIFT_OBJC_BRIDGING_HEADER = "Web3Objc/Web3Objc-Bridging-Header.h";
				SWIFT_VERSION = 5.0;
				TARGETED_DEVICE_FAMILY = "1,2";
			};
			name = Release;
		};
/* End XCBuildConfiguration section */

/* Begin XCConfigurationList section */
		6504A36C2462B75400CD20BB /* Build configuration list for PBXProject "Web3Objc" */ = {
			isa = XCConfigurationList;
			buildConfigurations = (
				6504A3882462B75700CD20BB /* Debug */,
				6504A3892462B75700CD20BB /* Release */,
			);
			defaultConfigurationIsVisible = 0;
			defaultConfigurationName = Release;
		};
		6504A38A2462B75700CD20BB /* Build configuration list for PBXNativeTarget "Web3Objc" */ = {
			isa = XCConfigurationList;
			buildConfigurations = (
				6504A38B2462B75700CD20BB /* Debug */,
				6504A38C2462B75700CD20BB /* Release */,
			);
			defaultConfigurationIsVisible = 0;
			defaultConfigurationName = Release;
		};
/* End XCConfigurationList section */

/* Begin XCRemoteSwiftPackageReference section */
		E3C557282A09013A0044477A /* XCRemoteSwiftPackageReference "wallet-core" */ = {
			isa = XCRemoteSwiftPackageReference;
			repositoryURL = "https://github.com/trustwallet/wallet-core";
			requirement = {
				kind = upToNextMajorVersion;
				minimumVersion = 3.0.0;
			};
		};
/* End XCRemoteSwiftPackageReference section */

/* Begin XCSwiftPackageProductDependency section */
		E3C557292A09013A0044477A /* SwiftProtobuf */ = {
			isa = XCSwiftPackageProductDependency;
			package = E3C557282A09013A0044477A /* XCRemoteSwiftPackageReference "wallet-core" */;
			productName = SwiftProtobuf;
		};
		E3C5572B2A09013A0044477A /* WalletCore */ = {
			isa = XCSwiftPackageProductDependency;
			package = E3C557282A09013A0044477A /* XCRemoteSwiftPackageReference "wallet-core" */;
			productName = WalletCore;
		};
/* End XCSwiftPackageProductDependency section */
	};
	rootObject = 6504A3692462B75400CD20BB /* Project object */;
}
